// !$*UTF8*$!
{
	archiveVersion = 1;
	classes = {
	};
	objectVersion = 50;
	objects = {

/* Begin PBXBuildFile section */
		4681DEFCF14F6DF0046213BB /* libPods-VVCollectProject.a in Frameworks */ = {isa = PBXBuildFile; fileRef = 0B7D3CC83E09FCF08077C010 /* libPods-VVCollectProject.a */; };
		6523E52322ED9B6100D304D3 /* CountDownController.m in Sources */ = {isa = PBXBuildFile; fileRef = 6523E52222ED9B6100D304D3 /* CountDownController.m */; };
		6523E52622ED9C0D00D304D3 /* NSTimer+CQBlockSupport.m in Sources */ = {isa = PBXBuildFile; fileRef = 6523E52422ED9C0D00D304D3 /* NSTimer+CQBlockSupport.m */; };
		659E139D22E732DE00E9570E /* BugCollectionController.m in Sources */ = {isa = PBXBuildFile; fileRef = 659E139C22E732DE00E9570E /* BugCollectionController.m */; };
		65E511F12313C597008098BE /* 新增App注意事项.rtfd in Resources */ = {isa = PBXBuildFile; fileRef = 65E511F02313C597008098BE /* 新增App注意事项.rtfd */; };
		A004E78E2226E4C10090DC44 /* BlackJackController.m in Sources */ = {isa = PBXBuildFile; fileRef = A004E78D2226E4C10090DC44 /* BlackJackController.m */; };
		A010CB552261BD8900618A52 /* HackerViewController.m in Sources */ = {isa = PBXBuildFile; fileRef = A010CB542261BD8900618A52 /* HackerViewController.m */; };
		A011491C229A5DA800BDD14F /* FYStatusBarHUD.bundle in Resources */ = {isa = PBXBuildFile; fileRef = A0114919229A5DA700BDD14F /* FYStatusBarHUD.bundle */; };
		A011491D229A5DA800BDD14F /* FYStatusBarHUD.m in Sources */ = {isa = PBXBuildFile; fileRef = A011491B229A5DA800BDD14F /* FYStatusBarHUD.m */; };
		A011E13322A65A5800A10869 /* UIResponder+Router.m in Sources */ = {isa = PBXBuildFile; fileRef = A011E13222A65A5800A10869 /* UIResponder+Router.m */; };
		A011E13622A65BC300A10869 /* UIButton+countDown.m in Sources */ = {isa = PBXBuildFile; fileRef = A011E13522A65BC300A10869 /* UIButton+countDown.m */; };
		A0130DDE21ECB78D007E845B /* BANetManagerCache.m in Sources */ = {isa = PBXBuildFile; fileRef = A0130DC421ECB78D007E845B /* BANetManagerCache.m */; };
		A0130DDF21ECB78D007E845B /* BANetManager.m in Sources */ = {isa = PBXBuildFile; fileRef = A0130DC521ECB78D007E845B /* BANetManager.m */; };
		A0130DE021ECB78D007E845B /* UIImage+CompressImage.m in Sources */ = {isa = PBXBuildFile; fileRef = A0130DC621ECB78D007E845B /* UIImage+CompressImage.m */; };
		A0130DE121ECB78D007E845B /* BADataEntity.m in Sources */ = {isa = PBXBuildFile; fileRef = A0130DC721ECB78D007E845B /* BADataEntity.m */; };
		A0130DE221ECB78D007E845B /* NSDictionary+Log.m in Sources */ = {isa = PBXBuildFile; fileRef = A0130DCD21ECB78D007E845B /* NSDictionary+Log.m */; };
		A0130DE321ECB78D007E845B /* UIColor+Random.m in Sources */ = {isa = PBXBuildFile; fileRef = A0130DCF21ECB78D007E845B /* UIColor+Random.m */; };
		A0130DE421ECB78D007E845B /* NSString+RegexCategory.m in Sources */ = {isa = PBXBuildFile; fileRef = A0130DD321ECB78D007E845B /* NSString+RegexCategory.m */; };
		A0130DE521ECB78D007E845B /* NSString+Size.m in Sources */ = {isa = PBXBuildFile; fileRef = A0130DD621ECB78D007E845B /* NSString+Size.m */; };
		A0130DE621ECB78D007E845B /* CodeSnippetVC.m in Sources */ = {isa = PBXBuildFile; fileRef = A0130DDD21ECB78D007E845B /* CodeSnippetVC.m */; };
		A0130DEA21ECC92A007E845B /* BaseNavigationController.m in Sources */ = {isa = PBXBuildFile; fileRef = A0130DE921ECC92A007E845B /* BaseNavigationController.m */; };
		A0130DED21ECC9DC007E845B /* UIImage+GradientColor.m in Sources */ = {isa = PBXBuildFile; fileRef = A0130DEC21ECC9DC007E845B /* UIImage+GradientColor.m */; };
		A034FDAB2216DEA800081EE2 /* YYFPSLabel.m in Sources */ = {isa = PBXBuildFile; fileRef = A034FDAA2216DEA800081EE2 /* YYFPSLabel.m */; };
		A0373A05221A9F5800E112A6 /* TestViewController.m in Sources */ = {isa = PBXBuildFile; fileRef = A0373A04221A9F5800E112A6 /* TestViewController.m */; };
		A0821DD521EF3B4700429C20 /* HomeViewController.m in Sources */ = {isa = PBXBuildFile; fileRef = A0821DD421EF3B4700429C20 /* HomeViewController.m */; };
		A0A093CA2223FB4B00262344 /* BaccaratCollectionViewCell.m in Sources */ = {isa = PBXBuildFile; fileRef = A0A093C92223FB4B00262344 /* BaccaratCollectionViewCell.m */; };
		A0BCC30521E8BA6D00CEA8ED /* AppDelegate.m in Sources */ = {isa = PBXBuildFile; fileRef = A0BCC30421E8BA6D00CEA8ED /* AppDelegate.m */; };
		A0BCC30821E8BA6D00CEA8ED /* ViewController.m in Sources */ = {isa = PBXBuildFile; fileRef = A0BCC30721E8BA6D00CEA8ED /* ViewController.m */; };
		A0BCC30B21E8BA6D00CEA8ED /* Main.storyboard in Resources */ = {isa = PBXBuildFile; fileRef = A0BCC30921E8BA6D00CEA8ED /* Main.storyboard */; };
		A0BCC30D21E8BA6F00CEA8ED /* Assets.xcassets in Resources */ = {isa = PBXBuildFile; fileRef = A0BCC30C21E8BA6F00CEA8ED /* Assets.xcassets */; };
		A0BCC31021E8BA6F00CEA8ED /* LaunchScreen.storyboard in Resources */ = {isa = PBXBuildFile; fileRef = A0BCC30E21E8BA6F00CEA8ED /* LaunchScreen.storyboard */; };
		A0BCC31321E8BA6F00CEA8ED /* main.m in Sources */ = {isa = PBXBuildFile; fileRef = A0BCC31221E8BA6F00CEA8ED /* main.m */; };
		A0BCC31D21E8BA6F00CEA8ED /* VVCollectProjectTests.m in Sources */ = {isa = PBXBuildFile; fileRef = A0BCC31C21E8BA6F00CEA8ED /* VVCollectProjectTests.m */; };
		A0BCC32821E8BA6F00CEA8ED /* VVCollectProjectUITests.m in Sources */ = {isa = PBXBuildFile; fileRef = A0BCC32721E8BA6F00CEA8ED /* VVCollectProjectUITests.m */; };
		A0BCD7A322216D9100BB3A9C /* Application.m in Sources */ = {isa = PBXBuildFile; fileRef = A0BCD7A222216D9100BB3A9C /* Application.m */; };
		A0BCD7A522216E3200BB3A9C /* applications.json in Resources */ = {isa = PBXBuildFile; fileRef = A0BCD7A422216E3200BB3A9C /* applications.json */; };
		A0BCD7A822217C4300BB3A9C /* UIColor+Hexadecimal.m in Sources */ = {isa = PBXBuildFile; fileRef = A0BCD7A722217C4300BB3A9C /* UIColor+Hexadecimal.m */; };
		A0BCD7AB22218B0E00BB3A9C /* SearchViewController.m in Sources */ = {isa = PBXBuildFile; fileRef = A0BCD7AA22218B0D00BB3A9C /* SearchViewController.m */; };
		A0BCD7B322218B8400BB3A9C /* colors.json in Resources */ = {isa = PBXBuildFile; fileRef = A0BCD7AC22218B8300BB3A9C /* colors.json */; };
		A0BCD7B422218B8400BB3A9C /* UIColor+Hex.m in Sources */ = {isa = PBXBuildFile; fileRef = A0BCD7AE22218B8300BB3A9C /* UIColor+Hex.m */; };
		A0BCD7B522218B8400BB3A9C /* Palette.m in Sources */ = {isa = PBXBuildFile; fileRef = A0BCD7AF22218B8300BB3A9C /* Palette.m */; };
		A0BCD7B622218B8400BB3A9C /* Color.m in Sources */ = {isa = PBXBuildFile; fileRef = A0BCD7B022218B8300BB3A9C /* Color.m */; };
		A0BCD7B92221ACF800BB3A9C /* BaccaratCollectionView.m in Sources */ = {isa = PBXBuildFile; fileRef = A0BCD7B82221ACF800BB3A9C /* BaccaratCollectionView.m */; };
		A0BE49A4224772B400CDBE43 /* NetworkIndicatorView.m in Sources */ = {isa = PBXBuildFile; fileRef = A0BE49A3224772B400CDBE43 /* NetworkIndicatorView.m */; };
		A0BEDF342217E163008F97CC /* UIView+LMJNjHuFrame.m in Sources */ = {isa = PBXBuildFile; fileRef = A0BEDF322217E163008F97CC /* UIView+LMJNjHuFrame.m */; };
		A0BF4F58223BEA320038422F /* MasonryController.m in Sources */ = {isa = PBXBuildFile; fileRef = A0BF4F57223BEA320038422F /* MasonryController.m */; };
		A0C5148521EE2E4F00E2F89D /* packer.php in Resources */ = {isa = PBXBuildFile; fileRef = A0C5147321EE2E4F00E2F89D /* packer.php */; };
		A0C5148621EE2E4F00E2F89D /* RSA.m in Sources */ = {isa = PBXBuildFile; fileRef = A0C5147721EE2E4F00E2F89D /* RSA.m */; };
		A0C5148721EE2E4F00E2F89D /* unzip.c in Sources */ = {isa = PBXBuildFile; fileRef = A0C5147921EE2E4F00E2F89D /* unzip.c */; };
		A0C5148821EE2E4F00E2F89D /* zip.c in Sources */ = {isa = PBXBuildFile; fileRef = A0C5147A21EE2E4F00E2F89D /* zip.c */; };
		A0C5148921EE2E4F00E2F89D /* ioapi.c in Sources */ = {isa = PBXBuildFile; fileRef = A0C5147B21EE2E4F00E2F89D /* ioapi.c */; };
		A0C5148A21EE2E4F00E2F89D /* mztools.c in Sources */ = {isa = PBXBuildFile; fileRef = A0C5147C21EE2E4F00E2F89D /* mztools.c */; };
		A0C5148B21EE2E4F00E2F89D /* ZipArchive.m in Sources */ = {isa = PBXBuildFile; fileRef = A0C5148221EE2E4F00E2F89D /* ZipArchive.m */; };
		A0C5148C21EE2E4F00E2F89D /* JPLoader.m in Sources */ = {isa = PBXBuildFile; fileRef = A0C5148421EE2E4F00E2F89D /* JPLoader.m */; };
		A0C5148F21EE2EB800E2F89D /* JSPatchCode.m in Sources */ = {isa = PBXBuildFile; fileRef = A0C5148E21EE2EB800E2F89D /* JSPatchCode.m */; };
		A0C5150421EE310900E2F89D /* JavaScriptCore.framework in Frameworks */ = {isa = PBXBuildFile; fileRef = A0C5150321EE310900E2F89D /* JavaScriptCore.framework */; };
		A0C5150621EE46CB00E2F89D /* main.js in Resources */ = {isa = PBXBuildFile; fileRef = A0C5150521EE46CB00E2F89D /* main.js */; };
		A0C5150821EE491600E2F89D /* DemoJS.js in Resources */ = {isa = PBXBuildFile; fileRef = A0C5150721EE491600E2F89D /* DemoJS.js */; };
		A0CBDD642220340600E7E21F /* TestUITableViewController.m in Sources */ = {isa = PBXBuildFile; fileRef = A0CBDD632220340600E7E21F /* TestUITableViewController.m */; };
		A0CBDD6722204AA700E7E21F /* BaccaratCell.m in Sources */ = {isa = PBXBuildFile; fileRef = A0CBDD6622204AA700E7E21F /* BaccaratCell.m */; };
		A0D55E28221D98CA00D7E3B0 /* UIViewController+HKSafeExts.m in Sources */ = {isa = PBXBuildFile; fileRef = A0D55E25221D98CA00D7E3B0 /* UIViewController+HKSafeExts.m */; };
		A0D55E29221D98CA00D7E3B0 /* UINavigationController+HKExts.m in Sources */ = {isa = PBXBuildFile; fileRef = A0D55E27221D98CA00D7E3B0 /* UINavigationController+HKExts.m */; };
		A0D55E2E221DAFB500D7E3B0 /* BaccaratController.m in Sources */ = {isa = PBXBuildFile; fileRef = A0D55E2D221DAFB500D7E3B0 /* BaccaratController.m */; };
		A0DCEF5E2236A773002FF19C /* BJDetailsController.m in Sources */ = {isa = PBXBuildFile; fileRef = A0DCEF5D2236A773002FF19C /* BJDetailsController.m */; };
		A0DCEF612236ACE4002FF19C /* VVFunctionManager.m in Sources */ = {isa = PBXBuildFile; fileRef = A0DCEF602236ACE4002FF19C /* VVFunctionManager.m */; };
		A0DF0869223FCDFA00151F35 /* NSStringController.m in Sources */ = {isa = PBXBuildFile; fileRef = A0DF0868223FCDFA00151F35 /* NSStringController.m */; };
		A0F13BE422B3BB91000C213C /* UIImage+NIMKit.m in Sources */ = {isa = PBXBuildFile; fileRef = A0F13BE222B3BB90000C213C /* UIImage+NIMKit.m */; };
		A0F3E621220D5FA500755DBB /* Person.m in Sources */ = {isa = PBXBuildFile; fileRef = A0F3E620220D5FA500755DBB /* Person.m */; };
		A0F3E624220D75FA00755DBB /* RunTimeController.m in Sources */ = {isa = PBXBuildFile; fileRef = A0F3E623220D75FA00755DBB /* RunTimeController.m */; };
		A0F4B42E22A79F28003B82F5 /* TestVS.m in Sources */ = {isa = PBXBuildFile; fileRef = A0F4B42D22A79F28003B82F5 /* TestVS.m */; };
		A0F607B72237CAFC002CD70B /* BlackJackCell.m in Sources */ = {isa = PBXBuildFile; fileRef = A0F607B62237CAFC002CD70B /* BlackJackCell.m */; };
		A0F91FD0222ECCB500C4EE9C /* BJSpade.m in Sources */ = {isa = PBXBuildFile; fileRef = A0F91FC8222ECCB400C4EE9C /* BJSpade.m */; };
		A0F91FD1222ECCB500C4EE9C /* UIView+JMNoise.m in Sources */ = {isa = PBXBuildFile; fileRef = A0F91FCA222ECCB400C4EE9C /* UIView+JMNoise.m */; };
		A0F91FD2222ECCB500C4EE9C /* PhysicalCard.m in Sources */ = {isa = PBXBuildFile; fileRef = A0F91FCB222ECCB400C4EE9C /* PhysicalCard.m */; };
		A0F91FD3222ECCB500C4EE9C /* BJClub.m in Sources */ = {isa = PBXBuildFile; fileRef = A0F91FCD222ECCB400C4EE9C /* BJClub.m */; };
		A0F91FD4222ECCB500C4EE9C /* BJHeart.m in Sources */ = {isa = PBXBuildFile; fileRef = A0F91FCE222ECCB400C4EE9C /* BJHeart.m */; };
		A0F91FD9222ECCC300C4EE9C /* BlackJackDataSource.m in Sources */ = {isa = PBXBuildFile; fileRef = A0F91FD7222ECCC300C4EE9C /* BlackJackDataSource.m */; };
		A0F91FDA222ECCC300C4EE9C /* PlayCardModel.m in Sources */ = {isa = PBXBuildFile; fileRef = A0F91FD8222ECCC300C4EE9C /* PlayCardModel.m */; };
/* End PBXBuildFile section */

/* Begin PBXContainerItemProxy section */
		A0BCC31921E8BA6F00CEA8ED /* PBXContainerItemProxy */ = {
			isa = PBXContainerItemProxy;
			containerPortal = A0BCC2F821E8BA6D00CEA8ED /* Project object */;
			proxyType = 1;
			remoteGlobalIDString = A0BCC2FF21E8BA6D00CEA8ED;
			remoteInfo = VVCollectProject;
		};
		A0BCC32421E8BA6F00CEA8ED /* PBXContainerItemProxy */ = {
			isa = PBXContainerItemProxy;
			containerPortal = A0BCC2F821E8BA6D00CEA8ED /* Project object */;
			proxyType = 1;
			remoteGlobalIDString = A0BCC2FF21E8BA6D00CEA8ED;
			remoteInfo = VVCollectProject;
		};
/* End PBXContainerItemProxy section */

/* Begin PBXFileReference section */
		0B7D3CC83E09FCF08077C010 /* libPods-VVCollectProject.a */ = {isa = PBXFileReference; explicitFileType = archive.ar; includeInIndex = 0; path = "libPods-VVCollectProject.a"; sourceTree = BUILT_PRODUCTS_DIR; };
		38FEB380A03656623BD1A67D /* Pods-VVCollectProject.debug.xcconfig */ = {isa = PBXFileReference; includeInIndex = 1; lastKnownFileType = text.xcconfig; name = "Pods-VVCollectProject.debug.xcconfig"; path = "Pods/Target Support Files/Pods-VVCollectProject/Pods-VVCollectProject.debug.xcconfig"; sourceTree = "<group>"; };
		6523E52122ED9B6100D304D3 /* CountDownController.h */ = {isa = PBXFileReference; lastKnownFileType = sourcecode.c.h; path = CountDownController.h; sourceTree = "<group>"; };
		6523E52222ED9B6100D304D3 /* CountDownController.m */ = {isa = PBXFileReference; lastKnownFileType = sourcecode.c.objc; path = CountDownController.m; sourceTree = "<group>"; };
		6523E52422ED9C0D00D304D3 /* NSTimer+CQBlockSupport.m */ = {isa = PBXFileReference; fileEncoding = 4; lastKnownFileType = sourcecode.c.objc; path = "NSTimer+CQBlockSupport.m"; sourceTree = "<group>"; };
		6523E52522ED9C0D00D304D3 /* NSTimer+CQBlockSupport.h */ = {isa = PBXFileReference; fileEncoding = 4; lastKnownFileType = sourcecode.c.h; path = "NSTimer+CQBlockSupport.h"; sourceTree = "<group>"; };
		659E139B22E732DE00E9570E /* BugCollectionController.h */ = {isa = PBXFileReference; lastKnownFileType = sourcecode.c.h; path = BugCollectionController.h; sourceTree = "<group>"; };
		659E139C22E732DE00E9570E /* BugCollectionController.m */ = {isa = PBXFileReference; lastKnownFileType = sourcecode.c.objc; path = BugCollectionController.m; sourceTree = "<group>"; };
		65E511F02313C597008098BE /* 新增App注意事项.rtfd */ = {isa = PBXFileReference; lastKnownFileType = wrapper.rtfd; path = "新增App注意事项.rtfd"; sourceTree = "<group>"; };
		9FD14A291D70E02659C505AA /* Pods-VVCollectProject.release.xcconfig */ = {isa = PBXFileReference; includeInIndex = 1; lastKnownFileType = text.xcconfig; name = "Pods-VVCollectProject.release.xcconfig"; path = "Pods/Target Support Files/Pods-VVCollectProject/Pods-VVCollectProject.release.xcconfig"; sourceTree = "<group>"; };
		A004E78C2226E4C10090DC44 /* BlackJackController.h */ = {isa = PBXFileReference; lastKnownFileType = sourcecode.c.h; path = BlackJackController.h; sourceTree = "<group>"; };
		A004E78D2226E4C10090DC44 /* BlackJackController.m */ = {isa = PBXFileReference; lastKnownFileType = sourcecode.c.objc; path = BlackJackController.m; sourceTree = "<group>"; };
		A010CB532261BD8900618A52 /* HackerViewController.h */ = {isa = PBXFileReference; lastKnownFileType = sourcecode.c.h; path = HackerViewController.h; sourceTree = "<group>"; };
		A010CB542261BD8900618A52 /* HackerViewController.m */ = {isa = PBXFileReference; lastKnownFileType = sourcecode.c.objc; path = HackerViewController.m; sourceTree = "<group>"; };
		A0114919229A5DA700BDD14F /* FYStatusBarHUD.bundle */ = {isa = PBXFileReference; lastKnownFileType = "wrapper.plug-in"; path = FYStatusBarHUD.bundle; sourceTree = "<group>"; };
		A011491A229A5DA700BDD14F /* FYStatusBarHUD.h */ = {isa = PBXFileReference; fileEncoding = 4; lastKnownFileType = sourcecode.c.h; path = FYStatusBarHUD.h; sourceTree = "<group>"; };
		A011491B229A5DA800BDD14F /* FYStatusBarHUD.m */ = {isa = PBXFileReference; fileEncoding = 4; lastKnownFileType = sourcecode.c.objc; path = FYStatusBarHUD.m; sourceTree = "<group>"; };
		A011E13122A65A5800A10869 /* UIResponder+Router.h */ = {isa = PBXFileReference; fileEncoding = 4; lastKnownFileType = sourcecode.c.h; path = "UIResponder+Router.h"; sourceTree = "<group>"; };
		A011E13222A65A5800A10869 /* UIResponder+Router.m */ = {isa = PBXFileReference; fileEncoding = 4; lastKnownFileType = sourcecode.c.objc; path = "UIResponder+Router.m"; sourceTree = "<group>"; };
		A011E13422A65BC300A10869 /* UIButton+countDown.h */ = {isa = PBXFileReference; fileEncoding = 4; lastKnownFileType = sourcecode.c.h; path = "UIButton+countDown.h"; sourceTree = "<group>"; };
		A011E13522A65BC300A10869 /* UIButton+countDown.m */ = {isa = PBXFileReference; fileEncoding = 4; lastKnownFileType = sourcecode.c.objc; path = "UIButton+countDown.m"; sourceTree = "<group>"; };
		A0130DC321ECB78D007E845B /* BADataEntity.h */ = {isa = PBXFileReference; fileEncoding = 4; lastKnownFileType = sourcecode.c.h; path = BADataEntity.h; sourceTree = "<group>"; };
		A0130DC421ECB78D007E845B /* BANetManagerCache.m */ = {isa = PBXFileReference; fileEncoding = 4; lastKnownFileType = sourcecode.c.objc; path = BANetManagerCache.m; sourceTree = "<group>"; };
		A0130DC521ECB78D007E845B /* BANetManager.m */ = {isa = PBXFileReference; fileEncoding = 4; lastKnownFileType = sourcecode.c.objc; path = BANetManager.m; sourceTree = "<group>"; };
		A0130DC621ECB78D007E845B /* UIImage+CompressImage.m */ = {isa = PBXFileReference; fileEncoding = 4; lastKnownFileType = sourcecode.c.objc; path = "UIImage+CompressImage.m"; sourceTree = "<group>"; };
		A0130DC721ECB78D007E845B /* BADataEntity.m */ = {isa = PBXFileReference; fileEncoding = 4; lastKnownFileType = sourcecode.c.objc; path = BADataEntity.m; sourceTree = "<group>"; };
		A0130DC821ECB78D007E845B /* BANetManagerCache.h */ = {isa = PBXFileReference; fileEncoding = 4; lastKnownFileType = sourcecode.c.h; path = BANetManagerCache.h; sourceTree = "<group>"; };
		A0130DC921ECB78D007E845B /* UIImage+CompressImage.h */ = {isa = PBXFileReference; fileEncoding = 4; lastKnownFileType = sourcecode.c.h; path = "UIImage+CompressImage.h"; sourceTree = "<group>"; };
		A0130DCA21ECB78D007E845B /* BANetManager.h */ = {isa = PBXFileReference; fileEncoding = 4; lastKnownFileType = sourcecode.c.h; path = BANetManager.h; sourceTree = "<group>"; };
		A0130DCB21ECB78D007E845B /* BANetManager_OC.h */ = {isa = PBXFileReference; fileEncoding = 4; lastKnownFileType = sourcecode.c.h; path = BANetManager_OC.h; sourceTree = "<group>"; };
		A0130DCD21ECB78D007E845B /* NSDictionary+Log.m */ = {isa = PBXFileReference; fileEncoding = 4; lastKnownFileType = sourcecode.c.objc; path = "NSDictionary+Log.m"; sourceTree = "<group>"; };
		A0130DCF21ECB78D007E845B /* UIColor+Random.m */ = {isa = PBXFileReference; fileEncoding = 4; lastKnownFileType = sourcecode.c.objc; path = "UIColor+Random.m"; sourceTree = "<group>"; };
		A0130DD021ECB78D007E845B /* UIColor+Random.h */ = {isa = PBXFileReference; fileEncoding = 4; lastKnownFileType = sourcecode.c.h; path = "UIColor+Random.h"; sourceTree = "<group>"; };
		A0130DD121ECB78D007E845B /* NSDictionary+Log.h */ = {isa = PBXFileReference; fileEncoding = 4; lastKnownFileType = sourcecode.c.h; path = "NSDictionary+Log.h"; sourceTree = "<group>"; };
		A0130DD321ECB78D007E845B /* NSString+RegexCategory.m */ = {isa = PBXFileReference; fileEncoding = 4; lastKnownFileType = sourcecode.c.objc; path = "NSString+RegexCategory.m"; sourceTree = "<group>"; };
		A0130DD421ECB78D007E845B /* NSString+Size.h */ = {isa = PBXFileReference; fileEncoding = 4; lastKnownFileType = sourcecode.c.h; path = "NSString+Size.h"; sourceTree = "<group>"; };
		A0130DD521ECB78D007E845B /* NSString+RegexCategory.h */ = {isa = PBXFileReference; fileEncoding = 4; lastKnownFileType = sourcecode.c.h; path = "NSString+RegexCategory.h"; sourceTree = "<group>"; };
		A0130DD621ECB78D007E845B /* NSString+Size.m */ = {isa = PBXFileReference; fileEncoding = 4; lastKnownFileType = sourcecode.c.objc; path = "NSString+Size.m"; sourceTree = "<group>"; };
		A0130DD821ECB78D007E845B /* Constants.h */ = {isa = PBXFileReference; fileEncoding = 4; lastKnownFileType = sourcecode.c.h; path = Constants.h; sourceTree = "<group>"; };
		A0130DD921ECB78D007E845B /* Macros.h */ = {isa = PBXFileReference; fileEncoding = 4; lastKnownFileType = sourcecode.c.h; path = Macros.h; sourceTree = "<group>"; };
		A0130DDA21ECB78D007E845B /* ThirdMacros.h */ = {isa = PBXFileReference; fileEncoding = 4; lastKnownFileType = sourcecode.c.h; path = ThirdMacros.h; sourceTree = "<group>"; };
		A0130DDC21ECB78D007E845B /* CodeSnippetVC.h */ = {isa = PBXFileReference; fileEncoding = 4; lastKnownFileType = sourcecode.c.h; path = CodeSnippetVC.h; sourceTree = "<group>"; };
		A0130DDD21ECB78D007E845B /* CodeSnippetVC.m */ = {isa = PBXFileReference; fileEncoding = 4; lastKnownFileType = sourcecode.c.objc; path = CodeSnippetVC.m; sourceTree = "<group>"; };
		A0130DE821ECC92A007E845B /* BaseNavigationController.h */ = {isa = PBXFileReference; fileEncoding = 4; lastKnownFileType = sourcecode.c.h; path = BaseNavigationController.h; sourceTree = "<group>"; };
		A0130DE921ECC92A007E845B /* BaseNavigationController.m */ = {isa = PBXFileReference; fileEncoding = 4; lastKnownFileType = sourcecode.c.objc; path = BaseNavigationController.m; sourceTree = "<group>"; };
		A0130DEB21ECC9DC007E845B /* UIImage+GradientColor.h */ = {isa = PBXFileReference; fileEncoding = 4; lastKnownFileType = sourcecode.c.h; path = "UIImage+GradientColor.h"; sourceTree = "<group>"; };
		A0130DEC21ECC9DC007E845B /* UIImage+GradientColor.m */ = {isa = PBXFileReference; fileEncoding = 4; lastKnownFileType = sourcecode.c.objc; path = "UIImage+GradientColor.m"; sourceTree = "<group>"; };
		A034FDA92216DEA800081EE2 /* YYFPSLabel.h */ = {isa = PBXFileReference; fileEncoding = 4; lastKnownFileType = sourcecode.c.h; path = YYFPSLabel.h; sourceTree = "<group>"; };
		A034FDAA2216DEA800081EE2 /* YYFPSLabel.m */ = {isa = PBXFileReference; fileEncoding = 4; lastKnownFileType = sourcecode.c.objc; path = YYFPSLabel.m; sourceTree = "<group>"; };
		A0373A03221A9F5800E112A6 /* TestViewController.h */ = {isa = PBXFileReference; lastKnownFileType = sourcecode.c.h; path = TestViewController.h; sourceTree = "<group>"; };
		A0373A04221A9F5800E112A6 /* TestViewController.m */ = {isa = PBXFileReference; lastKnownFileType = sourcecode.c.objc; path = TestViewController.m; sourceTree = "<group>"; };
		A0821DD321EF3B4700429C20 /* HomeViewController.h */ = {isa = PBXFileReference; lastKnownFileType = sourcecode.c.h; path = HomeViewController.h; sourceTree = "<group>"; };
		A0821DD421EF3B4700429C20 /* HomeViewController.m */ = {isa = PBXFileReference; lastKnownFileType = sourcecode.c.objc; path = HomeViewController.m; sourceTree = "<group>"; };
		A0A093C82223FB4B00262344 /* BaccaratCollectionViewCell.h */ = {isa = PBXFileReference; lastKnownFileType = sourcecode.c.h; path = BaccaratCollectionViewCell.h; sourceTree = "<group>"; };
		A0A093C92223FB4B00262344 /* BaccaratCollectionViewCell.m */ = {isa = PBXFileReference; lastKnownFileType = sourcecode.c.objc; path = BaccaratCollectionViewCell.m; sourceTree = "<group>"; };
		A0BCC30021E8BA6D00CEA8ED /* VVCollectProject.app */ = {isa = PBXFileReference; explicitFileType = wrapper.application; includeInIndex = 0; path = VVCollectProject.app; sourceTree = BUILT_PRODUCTS_DIR; };
		A0BCC30321E8BA6D00CEA8ED /* AppDelegate.h */ = {isa = PBXFileReference; lastKnownFileType = sourcecode.c.h; path = AppDelegate.h; sourceTree = "<group>"; };
		A0BCC30421E8BA6D00CEA8ED /* AppDelegate.m */ = {isa = PBXFileReference; lastKnownFileType = sourcecode.c.objc; path = AppDelegate.m; sourceTree = "<group>"; };
		A0BCC30621E8BA6D00CEA8ED /* ViewController.h */ = {isa = PBXFileReference; lastKnownFileType = sourcecode.c.h; path = ViewController.h; sourceTree = "<group>"; };
		A0BCC30721E8BA6D00CEA8ED /* ViewController.m */ = {isa = PBXFileReference; lastKnownFileType = sourcecode.c.objc; path = ViewController.m; sourceTree = "<group>"; };
		A0BCC30A21E8BA6D00CEA8ED /* Base */ = {isa = PBXFileReference; lastKnownFileType = file.storyboard; name = Base; path = Base.lproj/Main.storyboard; sourceTree = "<group>"; };
		A0BCC30C21E8BA6F00CEA8ED /* Assets.xcassets */ = {isa = PBXFileReference; lastKnownFileType = folder.assetcatalog; path = Assets.xcassets; sourceTree = "<group>"; };
		A0BCC30F21E8BA6F00CEA8ED /* Base */ = {isa = PBXFileReference; lastKnownFileType = file.storyboard; name = Base; path = Base.lproj/LaunchScreen.storyboard; sourceTree = "<group>"; };
		A0BCC31121E8BA6F00CEA8ED /* Info.plist */ = {isa = PBXFileReference; lastKnownFileType = text.plist.xml; path = Info.plist; sourceTree = "<group>"; };
		A0BCC31221E8BA6F00CEA8ED /* main.m */ = {isa = PBXFileReference; lastKnownFileType = sourcecode.c.objc; path = main.m; sourceTree = "<group>"; };
		A0BCC31821E8BA6F00CEA8ED /* VVCollectProjectTests.xctest */ = {isa = PBXFileReference; explicitFileType = wrapper.cfbundle; includeInIndex = 0; path = VVCollectProjectTests.xctest; sourceTree = BUILT_PRODUCTS_DIR; };
		A0BCC31C21E8BA6F00CEA8ED /* VVCollectProjectTests.m */ = {isa = PBXFileReference; lastKnownFileType = sourcecode.c.objc; path = VVCollectProjectTests.m; sourceTree = "<group>"; };
		A0BCC31E21E8BA6F00CEA8ED /* Info.plist */ = {isa = PBXFileReference; lastKnownFileType = text.plist.xml; path = Info.plist; sourceTree = "<group>"; };
		A0BCC32321E8BA6F00CEA8ED /* VVCollectProjectUITests.xctest */ = {isa = PBXFileReference; explicitFileType = wrapper.cfbundle; includeInIndex = 0; path = VVCollectProjectUITests.xctest; sourceTree = BUILT_PRODUCTS_DIR; };
		A0BCC32721E8BA6F00CEA8ED /* VVCollectProjectUITests.m */ = {isa = PBXFileReference; lastKnownFileType = sourcecode.c.objc; path = VVCollectProjectUITests.m; sourceTree = "<group>"; };
		A0BCC32921E8BA6F00CEA8ED /* Info.plist */ = {isa = PBXFileReference; lastKnownFileType = text.plist.xml; path = Info.plist; sourceTree = "<group>"; };
		A0BCC4B621E8BB2A00CEA8ED /* PrefixHeader.pch */ = {isa = PBXFileReference; fileEncoding = 4; lastKnownFileType = sourcecode.c.h; path = PrefixHeader.pch; sourceTree = "<group>"; };
		A0BCD7A122216D9100BB3A9C /* Application.h */ = {isa = PBXFileReference; fileEncoding = 4; lastKnownFileType = sourcecode.c.h; path = Application.h; sourceTree = "<group>"; };
		A0BCD7A222216D9100BB3A9C /* Application.m */ = {isa = PBXFileReference; fileEncoding = 4; lastKnownFileType = sourcecode.c.objc; path = Application.m; sourceTree = "<group>"; };
		A0BCD7A422216E3200BB3A9C /* applications.json */ = {isa = PBXFileReference; fileEncoding = 4; lastKnownFileType = text.json; path = applications.json; sourceTree = "<group>"; };
		A0BCD7A622217C4300BB3A9C /* UIColor+Hexadecimal.h */ = {isa = PBXFileReference; fileEncoding = 4; lastKnownFileType = sourcecode.c.h; path = "UIColor+Hexadecimal.h"; sourceTree = "<group>"; };
		A0BCD7A722217C4300BB3A9C /* UIColor+Hexadecimal.m */ = {isa = PBXFileReference; fileEncoding = 4; lastKnownFileType = sourcecode.c.objc; path = "UIColor+Hexadecimal.m"; sourceTree = "<group>"; };
		A0BCD7A922218B0D00BB3A9C /* SearchViewController.h */ = {isa = PBXFileReference; fileEncoding = 4; lastKnownFileType = sourcecode.c.h; path = SearchViewController.h; sourceTree = "<group>"; };
		A0BCD7AA22218B0D00BB3A9C /* SearchViewController.m */ = {isa = PBXFileReference; fileEncoding = 4; lastKnownFileType = sourcecode.c.objc; path = SearchViewController.m; sourceTree = "<group>"; };
		A0BCD7AC22218B8300BB3A9C /* colors.json */ = {isa = PBXFileReference; fileEncoding = 4; lastKnownFileType = text.json; path = colors.json; sourceTree = "<group>"; };
		A0BCD7AD22218B8300BB3A9C /* Color.h */ = {isa = PBXFileReference; fileEncoding = 4; lastKnownFileType = sourcecode.c.h; path = Color.h; sourceTree = "<group>"; };
		A0BCD7AE22218B8300BB3A9C /* UIColor+Hex.m */ = {isa = PBXFileReference; fileEncoding = 4; lastKnownFileType = sourcecode.c.objc; path = "UIColor+Hex.m"; sourceTree = "<group>"; };
		A0BCD7AF22218B8300BB3A9C /* Palette.m */ = {isa = PBXFileReference; fileEncoding = 4; lastKnownFileType = sourcecode.c.objc; path = Palette.m; sourceTree = "<group>"; };
		A0BCD7B022218B8300BB3A9C /* Color.m */ = {isa = PBXFileReference; fileEncoding = 4; lastKnownFileType = sourcecode.c.objc; path = Color.m; sourceTree = "<group>"; };
		A0BCD7B122218B8300BB3A9C /* UIColor+Hex.h */ = {isa = PBXFileReference; fileEncoding = 4; lastKnownFileType = sourcecode.c.h; path = "UIColor+Hex.h"; sourceTree = "<group>"; };
		A0BCD7B222218B8300BB3A9C /* Palette.h */ = {isa = PBXFileReference; fileEncoding = 4; lastKnownFileType = sourcecode.c.h; path = Palette.h; sourceTree = "<group>"; };
		A0BCD7B72221ACF800BB3A9C /* BaccaratCollectionView.h */ = {isa = PBXFileReference; lastKnownFileType = sourcecode.c.h; path = BaccaratCollectionView.h; sourceTree = "<group>"; };
		A0BCD7B82221ACF800BB3A9C /* BaccaratCollectionView.m */ = {isa = PBXFileReference; lastKnownFileType = sourcecode.c.objc; path = BaccaratCollectionView.m; sourceTree = "<group>"; };
		A0BE49A2224772B400CDBE43 /* NetworkIndicatorView.h */ = {isa = PBXFileReference; lastKnownFileType = sourcecode.c.h; path = NetworkIndicatorView.h; sourceTree = "<group>"; };
		A0BE49A3224772B400CDBE43 /* NetworkIndicatorView.m */ = {isa = PBXFileReference; lastKnownFileType = sourcecode.c.objc; path = NetworkIndicatorView.m; sourceTree = "<group>"; };
		A0BEDF322217E163008F97CC /* UIView+LMJNjHuFrame.m */ = {isa = PBXFileReference; fileEncoding = 4; lastKnownFileType = sourcecode.c.objc; path = "UIView+LMJNjHuFrame.m"; sourceTree = "<group>"; };
		A0BEDF332217E163008F97CC /* UIView+LMJNjHuFrame.h */ = {isa = PBXFileReference; fileEncoding = 4; lastKnownFileType = sourcecode.c.h; path = "UIView+LMJNjHuFrame.h"; sourceTree = "<group>"; };
		A0BF4F55223BD2400038422F /* VVAdaptUI.h */ = {isa = PBXFileReference; lastKnownFileType = sourcecode.c.h; path = VVAdaptUI.h; sourceTree = "<group>"; };
		A0BF4F56223BEA320038422F /* MasonryController.h */ = {isa = PBXFileReference; lastKnownFileType = sourcecode.c.h; path = MasonryController.h; sourceTree = "<group>"; };
		A0BF4F57223BEA320038422F /* MasonryController.m */ = {isa = PBXFileReference; lastKnownFileType = sourcecode.c.objc; path = MasonryController.m; sourceTree = "<group>"; };
		A0C5147321EE2E4F00E2F89D /* packer.php */ = {isa = PBXFileReference; fileEncoding = 4; lastKnownFileType = text.script.php; path = packer.php; sourceTree = "<group>"; };
		A0C5147421EE2E4F00E2F89D /* JPLoader.h */ = {isa = PBXFileReference; fileEncoding = 4; lastKnownFileType = sourcecode.c.h; path = JPLoader.h; sourceTree = "<group>"; };
		A0C5147621EE2E4F00E2F89D /* ZipArchive.h */ = {isa = PBXFileReference; fileEncoding = 4; lastKnownFileType = sourcecode.c.h; path = ZipArchive.h; sourceTree = "<group>"; };
		A0C5147721EE2E4F00E2F89D /* RSA.m */ = {isa = PBXFileReference; fileEncoding = 4; lastKnownFileType = sourcecode.c.objc; path = RSA.m; sourceTree = "<group>"; };
		A0C5147921EE2E4F00E2F89D /* unzip.c */ = {isa = PBXFileReference; explicitFileType = sourcecode.c.objc; fileEncoding = 4; path = unzip.c; sourceTree = "<group>"; };
		A0C5147A21EE2E4F00E2F89D /* zip.c */ = {isa = PBXFileReference; explicitFileType = sourcecode.c.objc; fileEncoding = 4; path = zip.c; sourceTree = "<group>"; };
		A0C5147B21EE2E4F00E2F89D /* ioapi.c */ = {isa = PBXFileReference; explicitFileType = sourcecode.c.objc; fileEncoding = 4; path = ioapi.c; sourceTree = "<group>"; };
		A0C5147C21EE2E4F00E2F89D /* mztools.c */ = {isa = PBXFileReference; explicitFileType = sourcecode.c.objc; fileEncoding = 4; path = mztools.c; sourceTree = "<group>"; };
		A0C5147D21EE2E4F00E2F89D /* crypt.h */ = {isa = PBXFileReference; fileEncoding = 4; lastKnownFileType = sourcecode.c.h; path = crypt.h; sourceTree = "<group>"; };
		A0C5147E21EE2E4F00E2F89D /* zip.h */ = {isa = PBXFileReference; fileEncoding = 4; lastKnownFileType = sourcecode.c.h; path = zip.h; sourceTree = "<group>"; };
		A0C5147F21EE2E4F00E2F89D /* unzip.h */ = {isa = PBXFileReference; fileEncoding = 4; lastKnownFileType = sourcecode.c.h; path = unzip.h; sourceTree = "<group>"; };
		A0C5148021EE2E4F00E2F89D /* mztools.h */ = {isa = PBXFileReference; fileEncoding = 4; lastKnownFileType = sourcecode.c.h; path = mztools.h; sourceTree = "<group>"; };
		A0C5148121EE2E4F00E2F89D /* ioapi.h */ = {isa = PBXFileReference; fileEncoding = 4; lastKnownFileType = sourcecode.c.h; path = ioapi.h; sourceTree = "<group>"; };
		A0C5148221EE2E4F00E2F89D /* ZipArchive.m */ = {isa = PBXFileReference; fileEncoding = 4; lastKnownFileType = sourcecode.c.objc; path = ZipArchive.m; sourceTree = "<group>"; };
		A0C5148321EE2E4F00E2F89D /* RSA.h */ = {isa = PBXFileReference; fileEncoding = 4; lastKnownFileType = sourcecode.c.h; path = RSA.h; sourceTree = "<group>"; };
		A0C5148421EE2E4F00E2F89D /* JPLoader.m */ = {isa = PBXFileReference; fileEncoding = 4; lastKnownFileType = sourcecode.c.objc; path = JPLoader.m; sourceTree = "<group>"; };
		A0C5148D21EE2EB800E2F89D /* JSPatchCode.h */ = {isa = PBXFileReference; fileEncoding = 4; lastKnownFileType = sourcecode.c.h; path = JSPatchCode.h; sourceTree = "<group>"; };
		A0C5148E21EE2EB800E2F89D /* JSPatchCode.m */ = {isa = PBXFileReference; fileEncoding = 4; lastKnownFileType = sourcecode.c.objc; path = JSPatchCode.m; sourceTree = "<group>"; };
		A0C5150321EE310900E2F89D /* JavaScriptCore.framework */ = {isa = PBXFileReference; lastKnownFileType = wrapper.framework; name = JavaScriptCore.framework; path = System/Library/Frameworks/JavaScriptCore.framework; sourceTree = SDKROOT; };
		A0C5150521EE46CB00E2F89D /* main.js */ = {isa = PBXFileReference; fileEncoding = 4; lastKnownFileType = sourcecode.javascript; path = main.js; sourceTree = "<group>"; };
		A0C5150721EE491600E2F89D /* DemoJS.js */ = {isa = PBXFileReference; fileEncoding = 4; lastKnownFileType = sourcecode.javascript; path = DemoJS.js; sourceTree = "<group>"; };
		A0CBDD622220340600E7E21F /* TestUITableViewController.h */ = {isa = PBXFileReference; lastKnownFileType = sourcecode.c.h; path = TestUITableViewController.h; sourceTree = "<group>"; };
		A0CBDD632220340600E7E21F /* TestUITableViewController.m */ = {isa = PBXFileReference; lastKnownFileType = sourcecode.c.objc; path = TestUITableViewController.m; sourceTree = "<group>"; };
		A0CBDD6522204AA700E7E21F /* BaccaratCell.h */ = {isa = PBXFileReference; lastKnownFileType = sourcecode.c.h; path = BaccaratCell.h; sourceTree = "<group>"; };
		A0CBDD6622204AA700E7E21F /* BaccaratCell.m */ = {isa = PBXFileReference; lastKnownFileType = sourcecode.c.objc; path = BaccaratCell.m; sourceTree = "<group>"; };
		A0D55E24221D98CA00D7E3B0 /* UIViewController+HKSafeExts.h */ = {isa = PBXFileReference; fileEncoding = 4; lastKnownFileType = sourcecode.c.h; path = "UIViewController+HKSafeExts.h"; sourceTree = "<group>"; };
		A0D55E25221D98CA00D7E3B0 /* UIViewController+HKSafeExts.m */ = {isa = PBXFileReference; fileEncoding = 4; lastKnownFileType = sourcecode.c.objc; path = "UIViewController+HKSafeExts.m"; sourceTree = "<group>"; };
		A0D55E26221D98CA00D7E3B0 /* UINavigationController+HKExts.h */ = {isa = PBXFileReference; fileEncoding = 4; lastKnownFileType = sourcecode.c.h; path = "UINavigationController+HKExts.h"; sourceTree = "<group>"; };
		A0D55E27221D98CA00D7E3B0 /* UINavigationController+HKExts.m */ = {isa = PBXFileReference; fileEncoding = 4; lastKnownFileType = sourcecode.c.objc; path = "UINavigationController+HKExts.m"; sourceTree = "<group>"; };
		A0D55E2C221DAFB500D7E3B0 /* BaccaratController.h */ = {isa = PBXFileReference; lastKnownFileType = sourcecode.c.h; path = BaccaratController.h; sourceTree = "<group>"; };
		A0D55E2D221DAFB500D7E3B0 /* BaccaratController.m */ = {isa = PBXFileReference; lastKnownFileType = sourcecode.c.objc; path = BaccaratController.m; sourceTree = "<group>"; };
		A0DCEF5C2236A772002FF19C /* BJDetailsController.h */ = {isa = PBXFileReference; lastKnownFileType = sourcecode.c.h; path = BJDetailsController.h; sourceTree = "<group>"; };
		A0DCEF5D2236A773002FF19C /* BJDetailsController.m */ = {isa = PBXFileReference; lastKnownFileType = sourcecode.c.objc; path = BJDetailsController.m; sourceTree = "<group>"; };
		A0DCEF5F2236ACE4002FF19C /* VVFunctionManager.h */ = {isa = PBXFileReference; lastKnownFileType = sourcecode.c.h; path = VVFunctionManager.h; sourceTree = "<group>"; };
		A0DCEF602236ACE4002FF19C /* VVFunctionManager.m */ = {isa = PBXFileReference; lastKnownFileType = sourcecode.c.objc; path = VVFunctionManager.m; sourceTree = "<group>"; };
		A0DF0867223FCDFA00151F35 /* NSStringController.h */ = {isa = PBXFileReference; lastKnownFileType = sourcecode.c.h; path = NSStringController.h; sourceTree = "<group>"; };
		A0DF0868223FCDFA00151F35 /* NSStringController.m */ = {isa = PBXFileReference; lastKnownFileType = sourcecode.c.objc; path = NSStringController.m; sourceTree = "<group>"; };
		A0F13BE222B3BB90000C213C /* UIImage+NIMKit.m */ = {isa = PBXFileReference; fileEncoding = 4; lastKnownFileType = sourcecode.c.objc; path = "UIImage+NIMKit.m"; sourceTree = "<group>"; };
		A0F13BE322B3BB90000C213C /* UIImage+NIMKit.h */ = {isa = PBXFileReference; fileEncoding = 4; lastKnownFileType = sourcecode.c.h; path = "UIImage+NIMKit.h"; sourceTree = "<group>"; };
		A0F3E61F220D5FA500755DBB /* Person.h */ = {isa = PBXFileReference; lastKnownFileType = sourcecode.c.h; path = Person.h; sourceTree = "<group>"; };
		A0F3E620220D5FA500755DBB /* Person.m */ = {isa = PBXFileReference; lastKnownFileType = sourcecode.c.objc; path = Person.m; sourceTree = "<group>"; };
		A0F3E622220D75FA00755DBB /* RunTimeController.h */ = {isa = PBXFileReference; lastKnownFileType = sourcecode.c.h; path = RunTimeController.h; sourceTree = "<group>"; };
		A0F3E623220D75FA00755DBB /* RunTimeController.m */ = {isa = PBXFileReference; lastKnownFileType = sourcecode.c.objc; path = RunTimeController.m; sourceTree = "<group>"; };
		A0F4B42C22A79F28003B82F5 /* TestVS.h */ = {isa = PBXFileReference; lastKnownFileType = sourcecode.c.h; path = TestVS.h; sourceTree = "<group>"; };
		A0F4B42D22A79F28003B82F5 /* TestVS.m */ = {isa = PBXFileReference; lastKnownFileType = sourcecode.c.objc; path = TestVS.m; sourceTree = "<group>"; };
		A0F607B52237CAFC002CD70B /* BlackJackCell.h */ = {isa = PBXFileReference; lastKnownFileType = sourcecode.c.h; path = BlackJackCell.h; sourceTree = "<group>"; };
		A0F607B62237CAFC002CD70B /* BlackJackCell.m */ = {isa = PBXFileReference; lastKnownFileType = sourcecode.c.objc; path = BlackJackCell.m; sourceTree = "<group>"; };
		A0F91FC6222ECCB300C4EE9C /* PhysicalCard.h */ = {isa = PBXFileReference; fileEncoding = 4; lastKnownFileType = sourcecode.c.h; path = PhysicalCard.h; sourceTree = "<group>"; };
		A0F91FC7222ECCB300C4EE9C /* BJHeart.h */ = {isa = PBXFileReference; fileEncoding = 4; lastKnownFileType = sourcecode.c.h; path = BJHeart.h; sourceTree = "<group>"; };
		A0F91FC8222ECCB400C4EE9C /* BJSpade.m */ = {isa = PBXFileReference; fileEncoding = 4; lastKnownFileType = sourcecode.c.objc; path = BJSpade.m; sourceTree = "<group>"; };
		A0F91FC9222ECCB400C4EE9C /* BJSpade.h */ = {isa = PBXFileReference; fileEncoding = 4; lastKnownFileType = sourcecode.c.h; path = BJSpade.h; sourceTree = "<group>"; };
		A0F91FCA222ECCB400C4EE9C /* UIView+JMNoise.m */ = {isa = PBXFileReference; fileEncoding = 4; lastKnownFileType = sourcecode.c.objc; path = "UIView+JMNoise.m"; sourceTree = "<group>"; };
		A0F91FCB222ECCB400C4EE9C /* PhysicalCard.m */ = {isa = PBXFileReference; fileEncoding = 4; lastKnownFileType = sourcecode.c.objc; path = PhysicalCard.m; sourceTree = "<group>"; };
		A0F91FCC222ECCB400C4EE9C /* BJClub.h */ = {isa = PBXFileReference; fileEncoding = 4; lastKnownFileType = sourcecode.c.h; path = BJClub.h; sourceTree = "<group>"; };
		A0F91FCD222ECCB400C4EE9C /* BJClub.m */ = {isa = PBXFileReference; fileEncoding = 4; lastKnownFileType = sourcecode.c.objc; path = BJClub.m; sourceTree = "<group>"; };
		A0F91FCE222ECCB400C4EE9C /* BJHeart.m */ = {isa = PBXFileReference; fileEncoding = 4; lastKnownFileType = sourcecode.c.objc; path = BJHeart.m; sourceTree = "<group>"; };
		A0F91FCF222ECCB400C4EE9C /* UIView+JMNoise.h */ = {isa = PBXFileReference; fileEncoding = 4; lastKnownFileType = sourcecode.c.h; path = "UIView+JMNoise.h"; sourceTree = "<group>"; };
		A0F91FD5222ECCC300C4EE9C /* BlackJackDataSource.h */ = {isa = PBXFileReference; fileEncoding = 4; lastKnownFileType = sourcecode.c.h; path = BlackJackDataSource.h; sourceTree = "<group>"; };
		A0F91FD6222ECCC300C4EE9C /* PlayCardModel.h */ = {isa = PBXFileReference; fileEncoding = 4; lastKnownFileType = sourcecode.c.h; path = PlayCardModel.h; sourceTree = "<group>"; };
		A0F91FD7222ECCC300C4EE9C /* BlackJackDataSource.m */ = {isa = PBXFileReference; fileEncoding = 4; lastKnownFileType = sourcecode.c.objc; path = BlackJackDataSource.m; sourceTree = "<group>"; };
		A0F91FD8222ECCC300C4EE9C /* PlayCardModel.m */ = {isa = PBXFileReference; fileEncoding = 4; lastKnownFileType = sourcecode.c.objc; path = PlayCardModel.m; sourceTree = "<group>"; };
/* End PBXFileReference section */

/* Begin PBXFrameworksBuildPhase section */
		A0BCC2FD21E8BA6D00CEA8ED /* Frameworks */ = {
			isa = PBXFrameworksBuildPhase;
			buildActionMask = 2147483647;
			files = (
				A0C5150421EE310900E2F89D /* JavaScriptCore.framework in Frameworks */,
				4681DEFCF14F6DF0046213BB /* libPods-VVCollectProject.a in Frameworks */,
			);
			runOnlyForDeploymentPostprocessing = 0;
		};
		A0BCC31521E8BA6F00CEA8ED /* Frameworks */ = {
			isa = PBXFrameworksBuildPhase;
			buildActionMask = 2147483647;
			files = (
			);
			runOnlyForDeploymentPostprocessing = 0;
		};
		A0BCC32021E8BA6F00CEA8ED /* Frameworks */ = {
			isa = PBXFrameworksBuildPhase;
			buildActionMask = 2147483647;
			files = (
			);
			runOnlyForDeploymentPostprocessing = 0;
		};
/* End PBXFrameworksBuildPhase section */

/* Begin PBXGroup section */
		0DB3FBBB46C6D2B0B4751EFB /* Pods */ = {
			isa = PBXGroup;
			children = (
				38FEB380A03656623BD1A67D /* Pods-VVCollectProject.debug.xcconfig */,
				9FD14A291D70E02659C505AA /* Pods-VVCollectProject.release.xcconfig */,
			);
			name = Pods;
			sourceTree = "<group>";
		};
		6523E52022ED9B2800D304D3 /* 倒计时 */ = {
			isa = PBXGroup;
			children = (
				6523E52122ED9B6100D304D3 /* CountDownController.h */,
				6523E52222ED9B6100D304D3 /* CountDownController.m */,
				6523E52522ED9C0D00D304D3 /* NSTimer+CQBlockSupport.h */,
				6523E52422ED9C0D00D304D3 /* NSTimer+CQBlockSupport.m */,
			);
			path = "倒计时";
			sourceTree = "<group>";
		};
		6523E53622EDD42400D304D3 /* View */ = {
			isa = PBXGroup;
			children = (
				A0BCD7B72221ACF800BB3A9C /* BaccaratCollectionView.h */,
				A0BCD7B82221ACF800BB3A9C /* BaccaratCollectionView.m */,
				A0A093C82223FB4B00262344 /* BaccaratCollectionViewCell.h */,
				A0A093C92223FB4B00262344 /* BaccaratCollectionViewCell.m */,
				A0CBDD6522204AA700E7E21F /* BaccaratCell.h */,
				A0CBDD6622204AA700E7E21F /* BaccaratCell.m */,
			);
			path = View;
			sourceTree = "<group>";
		};
		657C99BC22F036BB00CE0BF4 /* Masonry */ = {
			isa = PBXGroup;
			children = (
				A0BF4F56223BEA320038422F /* MasonryController.h */,
				A0BF4F57223BEA320038422F /* MasonryController.m */,
			);
			path = Masonry;
			sourceTree = "<group>";
		};
		657C99BD22F036E300CE0BF4 /* NSObject */ = {
			isa = PBXGroup;
			children = (
			);
			path = NSObject;
			sourceTree = "<group>";
		};
		657C99BE22F036E600CE0BF4 /* UI */ = {
			isa = PBXGroup;
			children = (
			);
			path = UI;
			sourceTree = "<group>";
		};
		A004E78B2226E40A0090DC44 /* BlackJack */ = {
			isa = PBXGroup;
			children = (
				A0F91FC5222ECCA700C4EE9C /* View */,
				A004E78C2226E4C10090DC44 /* BlackJackController.h */,
				A004E78D2226E4C10090DC44 /* BlackJackController.m */,
				A0DCEF5C2236A772002FF19C /* BJDetailsController.h */,
				A0DCEF5D2236A773002FF19C /* BJDetailsController.m */,
				A0F91FD5222ECCC300C4EE9C /* BlackJackDataSource.h */,
				A0F91FD7222ECCC300C4EE9C /* BlackJackDataSource.m */,
				A0F91FD6222ECCC300C4EE9C /* PlayCardModel.h */,
				A0F91FD8222ECCC300C4EE9C /* PlayCardModel.m */,
				A0F607B52237CAFC002CD70B /* BlackJackCell.h */,
				A0F607B62237CAFC002CD70B /* BlackJackCell.m */,
			);
			path = BlackJack;
			sourceTree = "<group>";
		};
		A010CB522261BD5E00618A52 /* Hacker */ = {
			isa = PBXGroup;
			children = (
				A010CB532261BD8900618A52 /* HackerViewController.h */,
				A010CB542261BD8900618A52 /* HackerViewController.m */,
			);
			path = Hacker;
			sourceTree = "<group>";
		};
		A0130DBF21ECB78D007E845B /* Classes */ = {
			isa = PBXGroup;
			children = (
				A0130DC021ECB78D007E845B /* Expand */,
				A0130DDB21ECB78D007E845B /* Main */,
				A0130DFD21ECDC28007E845B /* Resource */,
			);
			path = Classes;
			sourceTree = "<group>";
		};
		A0130DC021ECB78D007E845B /* Expand */ = {
			isa = PBXGroup;
			children = (
				A0130DC121ECB78D007E845B /* Tools */,
				A0130DCC21ECB78D007E845B /* Category */,
				A0130DD721ECB78D007E845B /* Macros */,
			);
			path = Expand;
			sourceTree = "<group>";
		};
		A0130DC121ECB78D007E845B /* Tools */ = {
			isa = PBXGroup;
			children = (
				A0DCEF5F2236ACE4002FF19C /* VVFunctionManager.h */,
				A0DCEF602236ACE4002FF19C /* VVFunctionManager.m */,
				A0BCD7A122216D9100BB3A9C /* Application.h */,
				A0BCD7A222216D9100BB3A9C /* Application.m */,
				A0D55E2A221D9B0300D7E3B0 /* RepeatPush */,
				A034FDA92216DEA800081EE2 /* YYFPSLabel.h */,
				A034FDAA2216DEA800081EE2 /* YYFPSLabel.m */,
				A0C5148D21EE2EB800E2F89D /* JSPatchCode.h */,
				A0C5148E21EE2EB800E2F89D /* JSPatchCode.m */,
				A0C5147121EE2E4F00E2F89D /* Loader */,
				A0130DC221ECB78D007E845B /* BANetManager */,
			);
			path = Tools;
			sourceTree = "<group>";
		};
		A0130DC221ECB78D007E845B /* BANetManager */ = {
			isa = PBXGroup;
			children = (
				A0130DC321ECB78D007E845B /* BADataEntity.h */,
				A0130DC421ECB78D007E845B /* BANetManagerCache.m */,
				A0130DC521ECB78D007E845B /* BANetManager.m */,
				A0130DC621ECB78D007E845B /* UIImage+CompressImage.m */,
				A0130DC721ECB78D007E845B /* BADataEntity.m */,
				A0130DC821ECB78D007E845B /* BANetManagerCache.h */,
				A0130DC921ECB78D007E845B /* UIImage+CompressImage.h */,
				A0130DCA21ECB78D007E845B /* BANetManager.h */,
				A0130DCB21ECB78D007E845B /* BANetManager_OC.h */,
			);
			path = BANetManager;
			sourceTree = "<group>";
		};
		A0130DCC21ECB78D007E845B /* Category */ = {
			isa = PBXGroup;
			children = (
				A0F13BE322B3BB90000C213C /* UIImage+NIMKit.h */,
				A0F13BE222B3BB90000C213C /* UIImage+NIMKit.m */,
				A011E13422A65BC300A10869 /* UIButton+countDown.h */,
				A011E13522A65BC300A10869 /* UIButton+countDown.m */,
				A011E13122A65A5800A10869 /* UIResponder+Router.h */,
				A011E13222A65A5800A10869 /* UIResponder+Router.m */,
				A0BEDF332217E163008F97CC /* UIView+LMJNjHuFrame.h */,
				A0BEDF322217E163008F97CC /* UIView+LMJNjHuFrame.m */,
				A0130DEB21ECC9DC007E845B /* UIImage+GradientColor.h */,
				A0130DEC21ECC9DC007E845B /* UIImage+GradientColor.m */,
				A0130DD121ECB78D007E845B /* NSDictionary+Log.h */,
				A0130DCD21ECB78D007E845B /* NSDictionary+Log.m */,
				A0130DCE21ECB78D007E845B /* UIColor */,
				A0130DD221ECB78D007E845B /* NSString */,
			);
			path = Category;
			sourceTree = "<group>";
		};
		A0130DCE21ECB78D007E845B /* UIColor */ = {
			isa = PBXGroup;
			children = (
				A0BCD7AC22218B8300BB3A9C /* colors.json */,
				A0BCD7AD22218B8300BB3A9C /* Color.h */,
				A0BCD7B022218B8300BB3A9C /* Color.m */,
				A0BCD7B222218B8300BB3A9C /* Palette.h */,
				A0BCD7AF22218B8300BB3A9C /* Palette.m */,
				A0BCD7B122218B8300BB3A9C /* UIColor+Hex.h */,
				A0BCD7AE22218B8300BB3A9C /* UIColor+Hex.m */,
				A0BCD7A622217C4300BB3A9C /* UIColor+Hexadecimal.h */,
				A0BCD7A722217C4300BB3A9C /* UIColor+Hexadecimal.m */,
				A0130DCF21ECB78D007E845B /* UIColor+Random.m */,
				A0130DD021ECB78D007E845B /* UIColor+Random.h */,
			);
			path = UIColor;
			sourceTree = "<group>";
		};
		A0130DD221ECB78D007E845B /* NSString */ = {
			isa = PBXGroup;
			children = (
				A0130DD521ECB78D007E845B /* NSString+RegexCategory.h */,
				A0130DD321ECB78D007E845B /* NSString+RegexCategory.m */,
				A0130DD421ECB78D007E845B /* NSString+Size.h */,
				A0130DD621ECB78D007E845B /* NSString+Size.m */,
			);
			path = NSString;
			sourceTree = "<group>";
		};
		A0130DD721ECB78D007E845B /* Macros */ = {
			isa = PBXGroup;
			children = (
				A0130DD921ECB78D007E845B /* Macros.h */,
				A0130DDA21ECB78D007E845B /* ThirdMacros.h */,
				A0130DD821ECB78D007E845B /* Constants.h */,
				A0BF4F55223BD2400038422F /* VVAdaptUI.h */,
			);
			path = Macros;
			sourceTree = "<group>";
		};
		A0130DDB21ECB78D007E845B /* Main */ = {
			isa = PBXGroup;
			children = (
				657C99BE22F036E600CE0BF4 /* UI */,
				657C99BD22F036E300CE0BF4 /* NSObject */,
				657C99BC22F036BB00CE0BF4 /* Masonry */,
				6523E52022ED9B2800D304D3 /* 倒计时 */,
				A010CB522261BD5E00618A52 /* Hacker */,
				A0BE49A12247727D00CDBE43 /* Common */,
				A004E78B2226E40A0090DC44 /* BlackJack */,
				A0D55E2B221DAFA200D7E3B0 /* Baccarat */,
				A0373A02221A9F3400E112A6 /* Test */,
				A0F3E628220D859400755DBB /* RunTime */,
				A0821DD221EF3B2600429C20 /* Home */,
				A0130DE721ECC920007E845B /* Base */,
				A0130DDC21ECB78D007E845B /* CodeSnippetVC.h */,
				A0130DDD21ECB78D007E845B /* CodeSnippetVC.m */,
			);
			path = Main;
			sourceTree = "<group>";
		};
		A0130DE721ECC920007E845B /* Base */ = {
			isa = PBXGroup;
			children = (
				A0130DE821ECC92A007E845B /* BaseNavigationController.h */,
				A0130DE921ECC92A007E845B /* BaseNavigationController.m */,
			);
			path = Base;
			sourceTree = "<group>";
		};
		A0130DFD21ECDC28007E845B /* Resource */ = {
			isa = PBXGroup;
			children = (
				A0BCD7A422216E3200BB3A9C /* applications.json */,
				A0C5150721EE491600E2F89D /* DemoJS.js */,
				A0C5150521EE46CB00E2F89D /* main.js */,
			);
			path = Resource;
			sourceTree = "<group>";
		};
		A0373A02221A9F3400E112A6 /* Test */ = {
			isa = PBXGroup;
			children = (
				A0373A03221A9F5800E112A6 /* TestViewController.h */,
				A0373A04221A9F5800E112A6 /* TestViewController.m */,
			);
			path = Test;
			sourceTree = "<group>";
		};
		A0821DD221EF3B2600429C20 /* Home */ = {
			isa = PBXGroup;
			children = (
				A0821DD321EF3B4700429C20 /* HomeViewController.h */,
				A0821DD421EF3B4700429C20 /* HomeViewController.m */,
				659E139B22E732DE00E9570E /* BugCollectionController.h */,
				659E139C22E732DE00E9570E /* BugCollectionController.m */,
				A0F4B42C22A79F28003B82F5 /* TestVS.h */,
				A0F4B42D22A79F28003B82F5 /* TestVS.m */,
				A0BCD7A922218B0D00BB3A9C /* SearchViewController.h */,
				A0BCD7AA22218B0D00BB3A9C /* SearchViewController.m */,
				A0DF0867223FCDFA00151F35 /* NSStringController.h */,
				A0DF0868223FCDFA00151F35 /* NSStringController.m */,
				A0CBDD622220340600E7E21F /* TestUITableViewController.h */,
				A0CBDD632220340600E7E21F /* TestUITableViewController.m */,
			);
			path = Home;
			sourceTree = "<group>";
		};
		A0BCC2F721E8BA6D00CEA8ED = {
			isa = PBXGroup;
			children = (
				A0BCC30221E8BA6D00CEA8ED /* VVCollectProject */,
				A0BCC31B21E8BA6F00CEA8ED /* VVCollectProjectTests */,
				A0BCC32621E8BA6F00CEA8ED /* VVCollectProjectUITests */,
				A0BCC30121E8BA6D00CEA8ED /* Products */,
				0DB3FBBB46C6D2B0B4751EFB /* Pods */,
				A54BAFC56792119E80DECF64 /* Frameworks */,
			);
			sourceTree = "<group>";
		};
		A0BCC30121E8BA6D00CEA8ED /* Products */ = {
			isa = PBXGroup;
			children = (
				A0BCC30021E8BA6D00CEA8ED /* VVCollectProject.app */,
				A0BCC31821E8BA6F00CEA8ED /* VVCollectProjectTests.xctest */,
				A0BCC32321E8BA6F00CEA8ED /* VVCollectProjectUITests.xctest */,
			);
			name = Products;
			sourceTree = "<group>";
		};
		A0BCC30221E8BA6D00CEA8ED /* VVCollectProject */ = {
			isa = PBXGroup;
			children = (
				A0130DBF21ECB78D007E845B /* Classes */,
				A0BCC30321E8BA6D00CEA8ED /* AppDelegate.h */,
				A0BCC30421E8BA6D00CEA8ED /* AppDelegate.m */,
				A0BCC30621E8BA6D00CEA8ED /* ViewController.h */,
				A0BCC30721E8BA6D00CEA8ED /* ViewController.m */,
				A0F3E61F220D5FA500755DBB /* Person.h */,
				A0F3E620220D5FA500755DBB /* Person.m */,
				A0BCC30C21E8BA6F00CEA8ED /* Assets.xcassets */,
				A0BCC4B521E8BB1800CEA8ED /* Supporting Files */,
			);
			path = VVCollectProject;
			sourceTree = "<group>";
		};
		A0BCC31B21E8BA6F00CEA8ED /* VVCollectProjectTests */ = {
			isa = PBXGroup;
			children = (
				A0BCC31C21E8BA6F00CEA8ED /* VVCollectProjectTests.m */,
				A0BCC31E21E8BA6F00CEA8ED /* Info.plist */,
			);
			path = VVCollectProjectTests;
			sourceTree = "<group>";
		};
		A0BCC32621E8BA6F00CEA8ED /* VVCollectProjectUITests */ = {
			isa = PBXGroup;
			children = (
				A0BCC32721E8BA6F00CEA8ED /* VVCollectProjectUITests.m */,
				A0BCC32921E8BA6F00CEA8ED /* Info.plist */,
			);
			path = VVCollectProjectUITests;
			sourceTree = "<group>";
		};
		A0BCC4B521E8BB1800CEA8ED /* Supporting Files */ = {
			isa = PBXGroup;
			children = (
				65E511F02313C597008098BE /* 新增App注意事项.rtfd */,
				A0BCC30921E8BA6D00CEA8ED /* Main.storyboard */,
				A0BCC30E21E8BA6F00CEA8ED /* LaunchScreen.storyboard */,
				A0BCC31221E8BA6F00CEA8ED /* main.m */,
				A0BCC31121E8BA6F00CEA8ED /* Info.plist */,
				A0BCC4B621E8BB2A00CEA8ED /* PrefixHeader.pch */,
			);
			name = "Supporting Files";
			sourceTree = "<group>";
		};
		A0BE49A12247727D00CDBE43 /* Common */ = {
			isa = PBXGroup;
			children = (
				A0114919229A5DA700BDD14F /* FYStatusBarHUD.bundle */,
				A011491A229A5DA700BDD14F /* FYStatusBarHUD.h */,
				A011491B229A5DA800BDD14F /* FYStatusBarHUD.m */,
				A0BE49A2224772B400CDBE43 /* NetworkIndicatorView.h */,
				A0BE49A3224772B400CDBE43 /* NetworkIndicatorView.m */,
			);
			path = Common;
			sourceTree = "<group>";
		};
		A0C5147121EE2E4F00E2F89D /* Loader */ = {
			isa = PBXGroup;
			children = (
				A0C5147421EE2E4F00E2F89D /* JPLoader.h */,
				A0C5148421EE2E4F00E2F89D /* JPLoader.m */,
				A0C5147221EE2E4F00E2F89D /* tools */,
				A0C5147521EE2E4F00E2F89D /* libs */,
			);
			path = Loader;
			sourceTree = "<group>";
		};
		A0C5147221EE2E4F00E2F89D /* tools */ = {
			isa = PBXGroup;
			children = (
				A0C5147321EE2E4F00E2F89D /* packer.php */,
			);
			path = tools;
			sourceTree = "<group>";
		};
		A0C5147521EE2E4F00E2F89D /* libs */ = {
			isa = PBXGroup;
			children = (
				A0C5147621EE2E4F00E2F89D /* ZipArchive.h */,
				A0C5147721EE2E4F00E2F89D /* RSA.m */,
				A0C5147821EE2E4F00E2F89D /* minizip */,
				A0C5148221EE2E4F00E2F89D /* ZipArchive.m */,
				A0C5148321EE2E4F00E2F89D /* RSA.h */,
			);
			path = libs;
			sourceTree = "<group>";
		};
		A0C5147821EE2E4F00E2F89D /* minizip */ = {
			isa = PBXGroup;
			children = (
				A0C5147921EE2E4F00E2F89D /* unzip.c */,
				A0C5147A21EE2E4F00E2F89D /* zip.c */,
				A0C5147B21EE2E4F00E2F89D /* ioapi.c */,
				A0C5147C21EE2E4F00E2F89D /* mztools.c */,
				A0C5147D21EE2E4F00E2F89D /* crypt.h */,
				A0C5147E21EE2E4F00E2F89D /* zip.h */,
				A0C5147F21EE2E4F00E2F89D /* unzip.h */,
				A0C5148021EE2E4F00E2F89D /* mztools.h */,
				A0C5148121EE2E4F00E2F89D /* ioapi.h */,
			);
			path = minizip;
			sourceTree = "<group>";
		};
		A0D55E2A221D9B0300D7E3B0 /* RepeatPush */ = {
			isa = PBXGroup;
			children = (
				A0D55E26221D98CA00D7E3B0 /* UINavigationController+HKExts.h */,
				A0D55E27221D98CA00D7E3B0 /* UINavigationController+HKExts.m */,
				A0D55E24221D98CA00D7E3B0 /* UIViewController+HKSafeExts.h */,
				A0D55E25221D98CA00D7E3B0 /* UIViewController+HKSafeExts.m */,
			);
			path = RepeatPush;
			sourceTree = "<group>";
		};
		A0D55E2B221DAFA200D7E3B0 /* Baccarat */ = {
			isa = PBXGroup;
			children = (
				6523E53622EDD42400D304D3 /* View */,
				A0D55E2C221DAFB500D7E3B0 /* BaccaratController.h */,
				A0D55E2D221DAFB500D7E3B0 /* BaccaratController.m */,
			);
			path = Baccarat;
			sourceTree = "<group>";
		};
		A0F3E628220D859400755DBB /* RunTime */ = {
			isa = PBXGroup;
			children = (
				A0F3E622220D75FA00755DBB /* RunTimeController.h */,
				A0F3E623220D75FA00755DBB /* RunTimeController.m */,
			);
			path = RunTime;
			sourceTree = "<group>";
		};
		A0F91FC5222ECCA700C4EE9C /* View */ = {
			isa = PBXGroup;
			children = (
				A0F91FC9222ECCB400C4EE9C /* BJSpade.h */,
				A0F91FC8222ECCB400C4EE9C /* BJSpade.m */,
				A0F91FC7222ECCB300C4EE9C /* BJHeart.h */,
				A0F91FCE222ECCB400C4EE9C /* BJHeart.m */,
				A0F91FCC222ECCB400C4EE9C /* BJClub.h */,
				A0F91FCD222ECCB400C4EE9C /* BJClub.m */,
				A0F91FCF222ECCB400C4EE9C /* UIView+JMNoise.h */,
				A0F91FCA222ECCB400C4EE9C /* UIView+JMNoise.m */,
				A0F91FC6222ECCB300C4EE9C /* PhysicalCard.h */,
				A0F91FCB222ECCB400C4EE9C /* PhysicalCard.m */,
			);
			path = View;
			sourceTree = "<group>";
		};
		A54BAFC56792119E80DECF64 /* Frameworks */ = {
			isa = PBXGroup;
			children = (
				A0C5150321EE310900E2F89D /* JavaScriptCore.framework */,
				0B7D3CC83E09FCF08077C010 /* libPods-VVCollectProject.a */,
			);
			name = Frameworks;
			sourceTree = "<group>";
		};
/* End PBXGroup section */

/* Begin PBXNativeTarget section */
		A0BCC2FF21E8BA6D00CEA8ED /* VVCollectProject */ = {
			isa = PBXNativeTarget;
			buildConfigurationList = A0BCC32C21E8BA6F00CEA8ED /* Build configuration list for PBXNativeTarget "VVCollectProject" */;
			buildPhases = (
				478479F984D7D60EC4F9CF49 /* [CP] Check Pods Manifest.lock */,
				A0BCC2FC21E8BA6D00CEA8ED /* Sources */,
				A0BCC2FD21E8BA6D00CEA8ED /* Frameworks */,
				A0BCC2FE21E8BA6D00CEA8ED /* Resources */,
				C329AFD056052450ED3CD957 /* [CP] Copy Pods Resources */,
			);
			buildRules = (
			);
			dependencies = (
			);
			name = VVCollectProject;
			productName = VVCollectProject;
			productReference = A0BCC30021E8BA6D00CEA8ED /* VVCollectProject.app */;
			productType = "com.apple.product-type.application";
		};
		A0BCC31721E8BA6F00CEA8ED /* VVCollectProjectTests */ = {
			isa = PBXNativeTarget;
			buildConfigurationList = A0BCC32F21E8BA6F00CEA8ED /* Build configuration list for PBXNativeTarget "VVCollectProjectTests" */;
			buildPhases = (
				A0BCC31421E8BA6F00CEA8ED /* Sources */,
				A0BCC31521E8BA6F00CEA8ED /* Frameworks */,
				A0BCC31621E8BA6F00CEA8ED /* Resources */,
			);
			buildRules = (
			);
			dependencies = (
				A0BCC31A21E8BA6F00CEA8ED /* PBXTargetDependency */,
			);
			name = VVCollectProjectTests;
			productName = VVCollectProjectTests;
			productReference = A0BCC31821E8BA6F00CEA8ED /* VVCollectProjectTests.xctest */;
			productType = "com.apple.product-type.bundle.unit-test";
		};
		A0BCC32221E8BA6F00CEA8ED /* VVCollectProjectUITests */ = {
			isa = PBXNativeTarget;
			buildConfigurationList = A0BCC33221E8BA6F00CEA8ED /* Build configuration list for PBXNativeTarget "VVCollectProjectUITests" */;
			buildPhases = (
				A0BCC31F21E8BA6F00CEA8ED /* Sources */,
				A0BCC32021E8BA6F00CEA8ED /* Frameworks */,
				A0BCC32121E8BA6F00CEA8ED /* Resources */,
			);
			buildRules = (
			);
			dependencies = (
				A0BCC32521E8BA6F00CEA8ED /* PBXTargetDependency */,
			);
			name = VVCollectProjectUITests;
			productName = VVCollectProjectUITests;
			productReference = A0BCC32321E8BA6F00CEA8ED /* VVCollectProjectUITests.xctest */;
			productType = "com.apple.product-type.bundle.ui-testing";
		};
/* End PBXNativeTarget section */

/* Begin PBXProject section */
		A0BCC2F821E8BA6D00CEA8ED /* Project object */ = {
			isa = PBXProject;
			attributes = {
				LastUpgradeCheck = 1010;
				ORGANIZATIONNAME = Mike;
				TargetAttributes = {
					A0BCC2FF21E8BA6D00CEA8ED = {
						CreatedOnToolsVersion = 10.1;
					};
					A0BCC31721E8BA6F00CEA8ED = {
						CreatedOnToolsVersion = 10.1;
						TestTargetID = A0BCC2FF21E8BA6D00CEA8ED;
					};
					A0BCC32221E8BA6F00CEA8ED = {
						CreatedOnToolsVersion = 10.1;
						TestTargetID = A0BCC2FF21E8BA6D00CEA8ED;
					};
				};
			};
			buildConfigurationList = A0BCC2FB21E8BA6D00CEA8ED /* Build configuration list for PBXProject "VVCollectProject" */;
			compatibilityVersion = "Xcode 9.3";
			developmentRegion = en;
			hasScannedForEncodings = 0;
			knownRegions = (
				en,
				Base,
			);
			mainGroup = A0BCC2F721E8BA6D00CEA8ED;
			productRefGroup = A0BCC30121E8BA6D00CEA8ED /* Products */;
			projectDirPath = "";
			projectRoot = "";
			targets = (
				A0BCC2FF21E8BA6D00CEA8ED /* VVCollectProject */,
				A0BCC31721E8BA6F00CEA8ED /* VVCollectProjectTests */,
				A0BCC32221E8BA6F00CEA8ED /* VVCollectProjectUITests */,
			);
		};
/* End PBXProject section */

/* Begin PBXResourcesBuildPhase section */
		A0BCC2FE21E8BA6D00CEA8ED /* Resources */ = {
			isa = PBXResourcesBuildPhase;
			buildActionMask = 2147483647;
			files = (
				A0C5150621EE46CB00E2F89D /* main.js in Resources */,
				A011491C229A5DA800BDD14F /* FYStatusBarHUD.bundle in Resources */,
				A0BCC31021E8BA6F00CEA8ED /* LaunchScreen.storyboard in Resources */,
				A0C5150821EE491600E2F89D /* DemoJS.js in Resources */,
				A0BCC30D21E8BA6F00CEA8ED /* Assets.xcassets in Resources */,
				A0BCC30B21E8BA6D00CEA8ED /* Main.storyboard in Resources */,
				A0BCD7B322218B8400BB3A9C /* colors.json in Resources */,
				A0BCD7A522216E3200BB3A9C /* applications.json in Resources */,
				65E511F12313C597008098BE /* 新增App注意事项.rtfd in Resources */,
				A0C5148521EE2E4F00E2F89D /* packer.php in Resources */,
			);
			runOnlyForDeploymentPostprocessing = 0;
		};
		A0BCC31621E8BA6F00CEA8ED /* Resources */ = {
			isa = PBXResourcesBuildPhase;
			buildActionMask = 2147483647;
			files = (
			);
			runOnlyForDeploymentPostprocessing = 0;
		};
		A0BCC32121E8BA6F00CEA8ED /* Resources */ = {
			isa = PBXResourcesBuildPhase;
			buildActionMask = 2147483647;
			files = (
			);
			runOnlyForDeploymentPostprocessing = 0;
		};
/* End PBXResourcesBuildPhase section */

/* Begin PBXShellScriptBuildPhase section */
		478479F984D7D60EC4F9CF49 /* [CP] Check Pods Manifest.lock */ = {
			isa = PBXShellScriptBuildPhase;
			buildActionMask = 2147483647;
			files = (
			);
			inputFileListPaths = (
			);
			inputPaths = (
				"${PODS_PODFILE_DIR_PATH}/Podfile.lock",
				"${PODS_ROOT}/Manifest.lock",
			);
			name = "[CP] Check Pods Manifest.lock";
			outputFileListPaths = (
			);
			outputPaths = (
				"$(DERIVED_FILE_DIR)/Pods-VVCollectProject-checkManifestLockResult.txt",
			);
			runOnlyForDeploymentPostprocessing = 0;
			shellPath = /bin/sh;
			shellScript = "diff \"${PODS_PODFILE_DIR_PATH}/Podfile.lock\" \"${PODS_ROOT}/Manifest.lock\" > /dev/null\nif [ $? != 0 ] ; then\n    # print error to STDERR\n    echo \"error: The sandbox is not in sync with the Podfile.lock. Run 'pod install' or update your CocoaPods installation.\" >&2\n    exit 1\nfi\n# This output is used by Xcode 'outputs' to avoid re-running this script phase.\necho \"SUCCESS\" > \"${SCRIPT_OUTPUT_FILE_0}\"\n";
			showEnvVarsInLog = 0;
		};
		C329AFD056052450ED3CD957 /* [CP] Copy Pods Resources */ = {
			isa = PBXShellScriptBuildPhase;
			buildActionMask = 2147483647;
			files = (
			);
			inputFileListPaths = (
			);
			inputPaths = (
				"${SRCROOT}/Pods/Target Support Files/Pods-VVCollectProject/Pods-VVCollectProject-resources.sh",
				"${PODS_ROOT}/JSPatch/JSPatch/JSPatch.js",
				"${PODS_ROOT}/MJRefresh/MJRefresh/MJRefresh.bundle",
				"${PODS_ROOT}/TZImagePickerController/TZImagePickerController/TZImagePickerController/TZImagePickerController.bundle",
			);
			name = "[CP] Copy Pods Resources";
			outputFileListPaths = (
			);
			outputPaths = (
				"${TARGET_BUILD_DIR}/${UNLOCALIZED_RESOURCES_FOLDER_PATH}/JSPatch.js",
				"${TARGET_BUILD_DIR}/${UNLOCALIZED_RESOURCES_FOLDER_PATH}/MJRefresh.bundle",
				"${TARGET_BUILD_DIR}/${UNLOCALIZED_RESOURCES_FOLDER_PATH}/TZImagePickerController.bundle",
			);
			runOnlyForDeploymentPostprocessing = 0;
			shellPath = /bin/sh;
			shellScript = "\"${SRCROOT}/Pods/Target Support Files/Pods-VVCollectProject/Pods-VVCollectProject-resources.sh\"\n";
			showEnvVarsInLog = 0;
		};
/* End PBXShellScriptBuildPhase section */

/* Begin PBXSourcesBuildPhase section */
		A0BCC2FC21E8BA6D00CEA8ED /* Sources */ = {
			isa = PBXSourcesBuildPhase;
			buildActionMask = 2147483647;
			files = (
				A0F4B42E22A79F28003B82F5 /* TestVS.m in Sources */,
				A0CBDD6722204AA700E7E21F /* BaccaratCell.m in Sources */,
				A0F91FD3222ECCB500C4EE9C /* BJClub.m in Sources */,
				A0F91FD0222ECCB500C4EE9C /* BJSpade.m in Sources */,
				A0BCD7B422218B8400BB3A9C /* UIColor+Hex.m in Sources */,
				A0BCC30821E8BA6D00CEA8ED /* ViewController.m in Sources */,
				A0130DE221ECB78D007E845B /* NSDictionary+Log.m in Sources */,
				A0373A05221A9F5800E112A6 /* TestViewController.m in Sources */,
				A0130DDF21ECB78D007E845B /* BANetManager.m in Sources */,
				A004E78E2226E4C10090DC44 /* BlackJackController.m in Sources */,
				A0130DED21ECC9DC007E845B /* UIImage+GradientColor.m in Sources */,
				A0F13BE422B3BB91000C213C /* UIImage+NIMKit.m in Sources */,
				A0BCD7B92221ACF800BB3A9C /* BaccaratCollectionView.m in Sources */,
				A011E13622A65BC300A10869 /* UIButton+countDown.m in Sources */,
				A0C5148C21EE2E4F00E2F89D /* JPLoader.m in Sources */,
				A0F91FDA222ECCC300C4EE9C /* PlayCardModel.m in Sources */,
				A0DCEF5E2236A773002FF19C /* BJDetailsController.m in Sources */,
				A0C5148F21EE2EB800E2F89D /* JSPatchCode.m in Sources */,
				A0C5148921EE2E4F00E2F89D /* ioapi.c in Sources */,
				A0C5148621EE2E4F00E2F89D /* RSA.m in Sources */,
				A0D55E28221D98CA00D7E3B0 /* UIViewController+HKSafeExts.m in Sources */,
				A0130DE521ECB78D007E845B /* NSString+Size.m in Sources */,
				A0BCD7A822217C4300BB3A9C /* UIColor+Hexadecimal.m in Sources */,
				A0BF4F58223BEA320038422F /* MasonryController.m in Sources */,
				A0F91FD1222ECCB500C4EE9C /* UIView+JMNoise.m in Sources */,
				A0F91FD4222ECCB500C4EE9C /* BJHeart.m in Sources */,
				A0BCD7AB22218B0E00BB3A9C /* SearchViewController.m in Sources */,
				A0821DD521EF3B4700429C20 /* HomeViewController.m in Sources */,
				A0F607B72237CAFC002CD70B /* BlackJackCell.m in Sources */,
				A0BCD7B622218B8400BB3A9C /* Color.m in Sources */,
				A0130DE321ECB78D007E845B /* UIColor+Random.m in Sources */,
				A0BCC31321E8BA6F00CEA8ED /* main.m in Sources */,
				A010CB552261BD8900618A52 /* HackerViewController.m in Sources */,
				A0A093CA2223FB4B00262344 /* BaccaratCollectionViewCell.m in Sources */,
				A0F91FD9222ECCC300C4EE9C /* BlackJackDataSource.m in Sources */,
				A0F3E624220D75FA00755DBB /* RunTimeController.m in Sources */,
				A0BE49A4224772B400CDBE43 /* NetworkIndicatorView.m in Sources */,
				A011E13322A65A5800A10869 /* UIResponder+Router.m in Sources */,
				A0F91FD2222ECCB500C4EE9C /* PhysicalCard.m in Sources */,
				A0130DEA21ECC92A007E845B /* BaseNavigationController.m in Sources */,
				A0C5148721EE2E4F00E2F89D /* unzip.c in Sources */,
				A0C5148821EE2E4F00E2F89D /* zip.c in Sources */,
				A011491D229A5DA800BDD14F /* FYStatusBarHUD.m in Sources */,
				A0D55E29221D98CA00D7E3B0 /* UINavigationController+HKExts.m in Sources */,
				6523E52322ED9B6100D304D3 /* CountDownController.m in Sources */,
				A0C5148B21EE2E4F00E2F89D /* ZipArchive.m in Sources */,
				A0BCC30521E8BA6D00CEA8ED /* AppDelegate.m in Sources */,
				A0BCD7A322216D9100BB3A9C /* Application.m in Sources */,
				A0CBDD642220340600E7E21F /* TestUITableViewController.m in Sources */,
				A0C5148A21EE2E4F00E2F89D /* mztools.c in Sources */,
				A0F3E621220D5FA500755DBB /* Person.m in Sources */,
				659E139D22E732DE00E9570E /* BugCollectionController.m in Sources */,
				A0130DDE21ECB78D007E845B /* BANetManagerCache.m in Sources */,
				A0DCEF612236ACE4002FF19C /* VVFunctionManager.m in Sources */,
				A0BEDF342217E163008F97CC /* UIView+LMJNjHuFrame.m in Sources */,
				A0130DE121ECB78D007E845B /* BADataEntity.m in Sources */,
				A0BCD7B522218B8400BB3A9C /* Palette.m in Sources */,
				A034FDAB2216DEA800081EE2 /* YYFPSLabel.m in Sources */,
				A0130DE621ECB78D007E845B /* CodeSnippetVC.m in Sources */,
				A0D55E2E221DAFB500D7E3B0 /* BaccaratController.m in Sources */,
				6523E52622ED9C0D00D304D3 /* NSTimer+CQBlockSupport.m in Sources */,
				A0130DE021ECB78D007E845B /* UIImage+CompressImage.m in Sources */,
				A0130DE421ECB78D007E845B /* NSString+RegexCategory.m in Sources */,
				A0DF0869223FCDFA00151F35 /* NSStringController.m in Sources */,
			);
			runOnlyForDeploymentPostprocessing = 0;
		};
		A0BCC31421E8BA6F00CEA8ED /* Sources */ = {
			isa = PBXSourcesBuildPhase;
			buildActionMask = 2147483647;
			files = (
				A0BCC31D21E8BA6F00CEA8ED /* VVCollectProjectTests.m in Sources */,
			);
			runOnlyForDeploymentPostprocessing = 0;
		};
		A0BCC31F21E8BA6F00CEA8ED /* Sources */ = {
			isa = PBXSourcesBuildPhase;
			buildActionMask = 2147483647;
			files = (
				A0BCC32821E8BA6F00CEA8ED /* VVCollectProjectUITests.m in Sources */,
			);
			runOnlyForDeploymentPostprocessing = 0;
		};
/* End PBXSourcesBuildPhase section */

/* Begin PBXTargetDependency section */
		A0BCC31A21E8BA6F00CEA8ED /* PBXTargetDependency */ = {
			isa = PBXTargetDependency;
			target = A0BCC2FF21E8BA6D00CEA8ED /* VVCollectProject */;
			targetProxy = A0BCC31921E8BA6F00CEA8ED /* PBXContainerItemProxy */;
		};
		A0BCC32521E8BA6F00CEA8ED /* PBXTargetDependency */ = {
			isa = PBXTargetDependency;
			target = A0BCC2FF21E8BA6D00CEA8ED /* VVCollectProject */;
			targetProxy = A0BCC32421E8BA6F00CEA8ED /* PBXContainerItemProxy */;
		};
/* End PBXTargetDependency section */

/* Begin PBXVariantGroup section */
		A0BCC30921E8BA6D00CEA8ED /* Main.storyboard */ = {
			isa = PBXVariantGroup;
			children = (
				A0BCC30A21E8BA6D00CEA8ED /* Base */,
			);
			name = Main.storyboard;
			sourceTree = "<group>";
		};
		A0BCC30E21E8BA6F00CEA8ED /* LaunchScreen.storyboard */ = {
			isa = PBXVariantGroup;
			children = (
				A0BCC30F21E8BA6F00CEA8ED /* Base */,
			);
			name = LaunchScreen.storyboard;
			sourceTree = "<group>";
		};
/* End PBXVariantGroup section */

/* Begin XCBuildConfiguration section */
		A0BCC32A21E8BA6F00CEA8ED /* Debug */ = {
			isa = XCBuildConfiguration;
			buildSettings = {
				ALWAYS_SEARCH_USER_PATHS = NO;
				CLANG_ANALYZER_NONNULL = YES;
				CLANG_ANALYZER_NUMBER_OBJECT_CONVERSION = YES_AGGRESSIVE;
				CLANG_CXX_LANGUAGE_STANDARD = "gnu++14";
				CLANG_CXX_LIBRARY = "libc++";
				CLANG_ENABLE_MODULES = YES;
				CLANG_ENABLE_OBJC_ARC = YES;
				CLANG_ENABLE_OBJC_WEAK = YES;
				CLANG_WARN_BLOCK_CAPTURE_AUTORELEASING = YES;
				CLANG_WARN_BOOL_CONVERSION = YES;
				CLANG_WARN_COMMA = YES;
				CLANG_WARN_CONSTANT_CONVERSION = YES;
				CLANG_WARN_DEPRECATED_OBJC_IMPLEMENTATIONS = YES;
				CLANG_WARN_DIRECT_OBJC_ISA_USAGE = YES_ERROR;
				CLANG_WARN_DOCUMENTATION_COMMENTS = YES;
				CLANG_WARN_EMPTY_BODY = YES;
				CLANG_WARN_ENUM_CONVERSION = YES;
				CLANG_WARN_INFINITE_RECURSION = YES;
				CLANG_WARN_INT_CONVERSION = YES;
				CLANG_WARN_NON_LITERAL_NULL_CONVERSION = YES;
				CLANG_WARN_OBJC_IMPLICIT_RETAIN_SELF = YES;
				CLANG_WARN_OBJC_LITERAL_CONVERSION = YES;
				CLANG_WARN_OBJC_ROOT_CLASS = YES_ERROR;
				CLANG_WARN_RANGE_LOOP_ANALYSIS = YES;
				CLANG_WARN_STRICT_PROTOTYPES = YES;
				CLANG_WARN_SUSPICIOUS_MOVE = YES;
				CLANG_WARN_UNGUARDED_AVAILABILITY = YES_AGGRESSIVE;
				CLANG_WARN_UNREACHABLE_CODE = YES;
				CLANG_WARN__DUPLICATE_METHOD_MATCH = YES;
				CODE_SIGN_IDENTITY = "iPhone Developer";
				COPY_PHASE_STRIP = NO;
				DEBUG_INFORMATION_FORMAT = dwarf;
				ENABLE_STRICT_OBJC_MSGSEND = YES;
				ENABLE_TESTABILITY = YES;
				GCC_C_LANGUAGE_STANDARD = gnu11;
				GCC_DYNAMIC_NO_PIC = NO;
				GCC_NO_COMMON_BLOCKS = YES;
				GCC_OPTIMIZATION_LEVEL = 0;
				GCC_PREPROCESSOR_DEFINITIONS = (
					"DEBUG=1",
					"$(inherited)",
				);
				GCC_WARN_64_TO_32_BIT_CONVERSION = YES;
				GCC_WARN_ABOUT_RETURN_TYPE = YES_ERROR;
				GCC_WARN_UNDECLARED_SELECTOR = YES;
				GCC_WARN_UNINITIALIZED_AUTOS = YES_AGGRESSIVE;
				GCC_WARN_UNUSED_FUNCTION = YES;
				GCC_WARN_UNUSED_VARIABLE = YES;
				IPHONEOS_DEPLOYMENT_TARGET = 10.0;
				MTL_ENABLE_DEBUG_INFO = INCLUDE_SOURCE;
				MTL_FAST_MATH = YES;
				ONLY_ACTIVE_ARCH = YES;
				SDKROOT = iphoneos;
			};
			name = Debug;
		};
		A0BCC32B21E8BA6F00CEA8ED /* Release */ = {
			isa = XCBuildConfiguration;
			buildSettings = {
				ALWAYS_SEARCH_USER_PATHS = NO;
				CLANG_ANALYZER_NONNULL = YES;
				CLANG_ANALYZER_NUMBER_OBJECT_CONVERSION = YES_AGGRESSIVE;
				CLANG_CXX_LANGUAGE_STANDARD = "gnu++14";
				CLANG_CXX_LIBRARY = "libc++";
				CLANG_ENABLE_MODULES = YES;
				CLANG_ENABLE_OBJC_ARC = YES;
				CLANG_ENABLE_OBJC_WEAK = YES;
				CLANG_WARN_BLOCK_CAPTURE_AUTORELEASING = YES;
				CLANG_WARN_BOOL_CONVERSION = YES;
				CLANG_WARN_COMMA = YES;
				CLANG_WARN_CONSTANT_CONVERSION = YES;
				CLANG_WARN_DEPRECATED_OBJC_IMPLEMENTATIONS = YES;
				CLANG_WARN_DIRECT_OBJC_ISA_USAGE = YES_ERROR;
				CLANG_WARN_DOCUMENTATION_COMMENTS = YES;
				CLANG_WARN_EMPTY_BODY = YES;
				CLANG_WARN_ENUM_CONVERSION = YES;
				CLANG_WARN_INFINITE_RECURSION = YES;
				CLANG_WARN_INT_CONVERSION = YES;
				CLANG_WARN_NON_LITERAL_NULL_CONVERSION = YES;
				CLANG_WARN_OBJC_IMPLICIT_RETAIN_SELF = YES;
				CLANG_WARN_OBJC_LITERAL_CONVERSION = YES;
				CLANG_WARN_OBJC_ROOT_CLASS = YES_ERROR;
				CLANG_WARN_RANGE_LOOP_ANALYSIS = YES;
				CLANG_WARN_STRICT_PROTOTYPES = YES;
				CLANG_WARN_SUSPICIOUS_MOVE = YES;
				CLANG_WARN_UNGUARDED_AVAILABILITY = YES_AGGRESSIVE;
				CLANG_WARN_UNREACHABLE_CODE = YES;
				CLANG_WARN__DUPLICATE_METHOD_MATCH = YES;
				CODE_SIGN_IDENTITY = "iPhone Developer";
				COPY_PHASE_STRIP = NO;
				DEBUG_INFORMATION_FORMAT = "dwarf-with-dsym";
				ENABLE_NS_ASSERTIONS = NO;
				ENABLE_STRICT_OBJC_MSGSEND = YES;
				GCC_C_LANGUAGE_STANDARD = gnu11;
				GCC_NO_COMMON_BLOCKS = YES;
				GCC_WARN_64_TO_32_BIT_CONVERSION = YES;
				GCC_WARN_ABOUT_RETURN_TYPE = YES_ERROR;
				GCC_WARN_UNDECLARED_SELECTOR = YES;
				GCC_WARN_UNINITIALIZED_AUTOS = YES_AGGRESSIVE;
				GCC_WARN_UNUSED_FUNCTION = YES;
				GCC_WARN_UNUSED_VARIABLE = YES;
				IPHONEOS_DEPLOYMENT_TARGET = 10.0;
				MTL_ENABLE_DEBUG_INFO = NO;
				MTL_FAST_MATH = YES;
				SDKROOT = iphoneos;
				VALIDATE_PRODUCT = YES;
			};
			name = Release;
		};
		A0BCC32D21E8BA6F00CEA8ED /* Debug */ = {
			isa = XCBuildConfiguration;
			baseConfigurationReference = 38FEB380A03656623BD1A67D /* Pods-VVCollectProject.debug.xcconfig */;
			buildSettings = {
				ASSETCATALOG_COMPILER_APPICON_NAME = AppIcon;
				ASSETCATALOG_COMPILER_LAUNCHIMAGE_NAME = LaunchImage;
				CODE_SIGN_IDENTITY = "iPhone Developer";
				CODE_SIGN_STYLE = Automatic;
				DEVELOPMENT_TEAM = V69W4CX966;
				GCC_PREFIX_HEADER = ./VVCollectProject/PrefixHeader.pch;
				INFOPLIST_FILE = VVCollectProject/Info.plist;
				IPHONEOS_DEPLOYMENT_TARGET = 10.0;
				LD_RUNPATH_SEARCH_PATHS = (
					"$(inherited)",
					"@executable_path/Frameworks",
				);
				LIBRARY_SEARCH_PATHS = (
					"$(inherited)",
					"$(PROJECT_DIR)/VVCollectProject/Classes/Expand/Tools/Extensions/JPLibffi/libffi",
				);
				PRODUCT_BUNDLE_IDENTIFIER = com.softgarden.qqvvx;
				PRODUCT_NAME = "$(TARGET_NAME)";
				PROVISIONING_PROFILE_SPECIFIER = "";
				TARGETED_DEVICE_FAMILY = "1,2";
			};
			name = Debug;
		};
		A0BCC32E21E8BA6F00CEA8ED /* Release */ = {
			isa = XCBuildConfiguration;
			baseConfigurationReference = 9FD14A291D70E02659C505AA /* Pods-VVCollectProject.release.xcconfig */;
			buildSettings = {
				ASSETCATALOG_COMPILER_APPICON_NAME = AppIcon;
				ASSETCATALOG_COMPILER_LAUNCHIMAGE_NAME = LaunchImage;
				CODE_SIGN_IDENTITY = "iPhone Developer";
				CODE_SIGN_STYLE = Automatic;
				DEVELOPMENT_TEAM = V69W4CX966;
				GCC_PREFIX_HEADER = ./VVCollectProject/PrefixHeader.pch;
				INFOPLIST_FILE = VVCollectProject/Info.plist;
				IPHONEOS_DEPLOYMENT_TARGET = 10.0;
				LD_RUNPATH_SEARCH_PATHS = (
					"$(inherited)",
					"@executable_path/Frameworks",
				);
				LIBRARY_SEARCH_PATHS = (
					"$(inherited)",
					"$(PROJECT_DIR)/VVCollectProject/Classes/Expand/Tools/Extensions/JPLibffi/libffi",
				);
				PRODUCT_BUNDLE_IDENTIFIER = com.softgarden.qqvvx;
				PRODUCT_NAME = "$(TARGET_NAME)";
				PROVISIONING_PROFILE_SPECIFIER = "";
				TARGETED_DEVICE_FAMILY = "1,2";
			};
			name = Release;
		};
		A0BCC33021E8BA6F00CEA8ED /* Debug */ = {
			isa = XCBuildConfiguration;
			buildSettings = {
				BUNDLE_LOADER = "$(TEST_HOST)";
				CODE_SIGN_STYLE = Automatic;
				INFOPLIST_FILE = VVCollectProjectTests/Info.plist;
				LD_RUNPATH_SEARCH_PATHS = (
					"$(inherited)",
					"@executable_path/Frameworks",
					"@loader_path/Frameworks",
				);
				PRODUCT_BUNDLE_IDENTIFIER = com.vvc.VVCollectProjectTests;
				PRODUCT_NAME = "$(TARGET_NAME)";
				TARGETED_DEVICE_FAMILY = "1,2";
				TEST_HOST = "$(BUILT_PRODUCTS_DIR)/VVCollectProject.app/VVCollectProject";
			};
			name = Debug;
		};
		A0BCC33121E8BA6F00CEA8ED /* Release */ = {
			isa = XCBuildConfiguration;
			buildSettings = {
				BUNDLE_LOADER = "$(TEST_HOST)";
				CODE_SIGN_STYLE = Automatic;
				INFOPLIST_FILE = VVCollectProjectTests/Info.plist;
				LD_RUNPATH_SEARCH_PATHS = (
					"$(inherited)",
					"@executable_path/Frameworks",
					"@loader_path/Frameworks",
				);
				PRODUCT_BUNDLE_IDENTIFIER = com.vvc.VVCollectProjectTests;
				PRODUCT_NAME = "$(TARGET_NAME)";
				TARGETED_DEVICE_FAMILY = "1,2";
				TEST_HOST = "$(BUILT_PRODUCTS_DIR)/VVCollectProject.app/VVCollectProject";
			};
			name = Release;
		};
		A0BCC33321E8BA6F00CEA8ED /* Debug */ = {
			isa = XCBuildConfiguration;
			buildSettings = {
				CODE_SIGN_STYLE = Automatic;
				INFOPLIST_FILE = VVCollectProjectUITests/Info.plist;
				LD_RUNPATH_SEARCH_PATHS = (
					"$(inherited)",
					"@executable_path/Frameworks",
					"@loader_path/Frameworks",
				);
				PRODUCT_BUNDLE_IDENTIFIER = com.vvc.VVCollectProjectUITests;
				PRODUCT_NAME = "$(TARGET_NAME)";
				TARGETED_DEVICE_FAMILY = "1,2";
				TEST_TARGET_NAME = VVCollectProject;
			};
			name = Debug;
		};
		A0BCC33421E8BA6F00CEA8ED /* Release */ = {
			isa = XCBuildConfiguration;
			buildSettings = {
				CODE_SIGN_STYLE = Automatic;
				INFOPLIST_FILE = VVCollectProjectUITests/Info.plist;
				LD_RUNPATH_SEARCH_PATHS = (
					"$(inherited)",
					"@executable_path/Frameworks",
					"@loader_path/Frameworks",
				);
				PRODUCT_BUNDLE_IDENTIFIER = com.vvc.VVCollectProjectUITests;
				PRODUCT_NAME = "$(TARGET_NAME)";
				TARGETED_DEVICE_FAMILY = "1,2";
				TEST_TARGET_NAME = VVCollectProject;
			};
			name = Release;
		};
/* End XCBuildConfiguration section */

/* Begin XCConfigurationList section */
		A0BCC2FB21E8BA6D00CEA8ED /* Build configuration list for PBXProject "VVCollectProject" */ = {
			isa = XCConfigurationList;
			buildConfigurations = (
				A0BCC32A21E8BA6F00CEA8ED /* Debug */,
				A0BCC32B21E8BA6F00CEA8ED /* Release */,
			);
			defaultConfigurationIsVisible = 0;
			defaultConfigurationName = Release;
		};
		A0BCC32C21E8BA6F00CEA8ED /* Build configuration list for PBXNativeTarget "VVCollectProject" */ = {
			isa = XCConfigurationList;
			buildConfigurations = (
				A0BCC32D21E8BA6F00CEA8ED /* Debug */,
				A0BCC32E21E8BA6F00CEA8ED /* Release */,
			);
			defaultConfigurationIsVisible = 0;
			defaultConfigurationName = Release;
		};
		A0BCC32F21E8BA6F00CEA8ED /* Build configuration list for PBXNativeTarget "VVCollectProjectTests" */ = {
			isa = XCConfigurationList;
			buildConfigurations = (
				A0BCC33021E8BA6F00CEA8ED /* Debug */,
				A0BCC33121E8BA6F00CEA8ED /* Release */,
			);
			defaultConfigurationIsVisible = 0;
			defaultConfigurationName = Release;
		};
		A0BCC33221E8BA6F00CEA8ED /* Build configuration list for PBXNativeTarget "VVCollectProjectUITests" */ = {
			isa = XCConfigurationList;
			buildConfigurations = (
				A0BCC33321E8BA6F00CEA8ED /* Debug */,
				A0BCC33421E8BA6F00CEA8ED /* Release */,
			);
			defaultConfigurationIsVisible = 0;
			defaultConfigurationName = Release;
		};
/* End XCConfigurationList section */
	};
	rootObject = A0BCC2F821E8BA6D00CEA8ED /* Project object */;
}
