// !$*UTF8*$!
{
	archiveVersion = 1;
	classes = {
	};
	objectVersion = 50;
	objects = {

/* Begin PBXBuildFile section */
		A0D4244C21D78ACE0085986A /* CodeSnippetVC.m in Sources */ = {isa = PBXBuildFile; fileRef = A0D4244B21D78ACE0085986A /* CodeSnippetVC.m */; };
		EFC110B0B81416073819BC15 /* libPods-VVCollectProject.a in Frameworks */ = {isa = PBXBuildFile; fileRef = 753826E51B094305F06669E0 /* libPods-VVCollectProject.a */; };
		F3960D7521D27CCB00348FAE /* AppDelegate.m in Sources */ = {isa = PBXBuildFile; fileRef = F3960D7421D27CCB00348FAE /* AppDelegate.m */; };
		F3960D7821D27CCB00348FAE /* ViewController.m in Sources */ = {isa = PBXBuildFile; fileRef = F3960D7721D27CCB00348FAE /* ViewController.m */; };
		F3960D7B21D27CCB00348FAE /* Main.storyboard in Resources */ = {isa = PBXBuildFile; fileRef = F3960D7921D27CCB00348FAE /* Main.storyboard */; };
		F3960D7D21D27CCE00348FAE /* Assets.xcassets in Resources */ = {isa = PBXBuildFile; fileRef = F3960D7C21D27CCE00348FAE /* Assets.xcassets */; };
		F3960D8021D27CCE00348FAE /* LaunchScreen.storyboard in Resources */ = {isa = PBXBuildFile; fileRef = F3960D7E21D27CCE00348FAE /* LaunchScreen.storyboard */; };
		F3960D8321D27CCE00348FAE /* main.m in Sources */ = {isa = PBXBuildFile; fileRef = F3960D8221D27CCE00348FAE /* main.m */; };
		F3960D8D21D27CCE00348FAE /* VVCollectProjectTests.m in Sources */ = {isa = PBXBuildFile; fileRef = F3960D8C21D27CCE00348FAE /* VVCollectProjectTests.m */; };
		F3960D9821D27CCE00348FAE /* VVCollectProjectUITests.m in Sources */ = {isa = PBXBuildFile; fileRef = F3960D9721D27CCE00348FAE /* VVCollectProjectUITests.m */; };
/* End PBXBuildFile section */

/* Begin PBXContainerItemProxy section */
		F3960D8921D27CCE00348FAE /* PBXContainerItemProxy */ = {
			isa = PBXContainerItemProxy;
			containerPortal = F3960D6821D27CCB00348FAE /* Project object */;
			proxyType = 1;
			remoteGlobalIDString = F3960D6F21D27CCB00348FAE;
			remoteInfo = VVCollectProject;
		};
		F3960D9421D27CCE00348FAE /* PBXContainerItemProxy */ = {
			isa = PBXContainerItemProxy;
			containerPortal = F3960D6821D27CCB00348FAE /* Project object */;
			proxyType = 1;
			remoteGlobalIDString = F3960D6F21D27CCB00348FAE;
			remoteInfo = VVCollectProject;
		};
/* End PBXContainerItemProxy section */

/* Begin PBXFileReference section */
		753826E51B094305F06669E0 /* libPods-VVCollectProject.a */ = {isa = PBXFileReference; explicitFileType = archive.ar; includeInIndex = 0; path = "libPods-VVCollectProject.a"; sourceTree = BUILT_PRODUCTS_DIR; };
		A0D4244A21D78ACE0085986A /* CodeSnippetVC.h */ = {isa = PBXFileReference; lastKnownFileType = sourcecode.c.h; path = CodeSnippetVC.h; sourceTree = "<group>"; };
		A0D4244B21D78ACE0085986A /* CodeSnippetVC.m */ = {isa = PBXFileReference; lastKnownFileType = sourcecode.c.objc; path = CodeSnippetVC.m; sourceTree = "<group>"; };
		C168B52CD0E387FD1B3F9833 /* Pods-VVCollectProject.debug.xcconfig */ = {isa = PBXFileReference; includeInIndex = 1; lastKnownFileType = text.xcconfig; name = "Pods-VVCollectProject.debug.xcconfig"; path = "Target Support Files/Pods-VVCollectProject/Pods-VVCollectProject.debug.xcconfig"; sourceTree = "<group>"; };
		F3960D7021D27CCB00348FAE /* VVCollectProject.app */ = {isa = PBXFileReference; explicitFileType = wrapper.application; includeInIndex = 0; path = VVCollectProject.app; sourceTree = BUILT_PRODUCTS_DIR; };
		F3960D7321D27CCB00348FAE /* AppDelegate.h */ = {isa = PBXFileReference; lastKnownFileType = sourcecode.c.h; path = AppDelegate.h; sourceTree = "<group>"; };
		F3960D7421D27CCB00348FAE /* AppDelegate.m */ = {isa = PBXFileReference; lastKnownFileType = sourcecode.c.objc; path = AppDelegate.m; sourceTree = "<group>"; };
		F3960D7621D27CCB00348FAE /* ViewController.h */ = {isa = PBXFileReference; lastKnownFileType = sourcecode.c.h; path = ViewController.h; sourceTree = "<group>"; };
		F3960D7721D27CCB00348FAE /* ViewController.m */ = {isa = PBXFileReference; lastKnownFileType = sourcecode.c.objc; path = ViewController.m; sourceTree = "<group>"; };
		F3960D7A21D27CCB00348FAE /* Base */ = {isa = PBXFileReference; lastKnownFileType = file.storyboard; name = Base; path = Base.lproj/Main.storyboard; sourceTree = "<group>"; };
		F3960D7C21D27CCE00348FAE /* Assets.xcassets */ = {isa = PBXFileReference; lastKnownFileType = folder.assetcatalog; path = Assets.xcassets; sourceTree = "<group>"; };
		F3960D7F21D27CCE00348FAE /* Base */ = {isa = PBXFileReference; lastKnownFileType = file.storyboard; name = Base; path = Base.lproj/LaunchScreen.storyboard; sourceTree = "<group>"; };
		F3960D8121D27CCE00348FAE /* Info.plist */ = {isa = PBXFileReference; lastKnownFileType = text.plist.xml; path = Info.plist; sourceTree = "<group>"; };
		F3960D8221D27CCE00348FAE /* main.m */ = {isa = PBXFileReference; lastKnownFileType = sourcecode.c.objc; path = main.m; sourceTree = "<group>"; };
		F3960D8821D27CCE00348FAE /* VVCollectProjectTests.xctest */ = {isa = PBXFileReference; explicitFileType = wrapper.cfbundle; includeInIndex = 0; path = VVCollectProjectTests.xctest; sourceTree = BUILT_PRODUCTS_DIR; };
		F3960D8C21D27CCE00348FAE /* VVCollectProjectTests.m */ = {isa = PBXFileReference; lastKnownFileType = sourcecode.c.objc; path = VVCollectProjectTests.m; sourceTree = "<group>"; };
		F3960D8E21D27CCE00348FAE /* Info.plist */ = {isa = PBXFileReference; lastKnownFileType = text.plist.xml; path = Info.plist; sourceTree = "<group>"; };
		F3960D9321D27CCE00348FAE /* VVCollectProjectUITests.xctest */ = {isa = PBXFileReference; explicitFileType = wrapper.cfbundle; includeInIndex = 0; path = VVCollectProjectUITests.xctest; sourceTree = BUILT_PRODUCTS_DIR; };
		F3960D9721D27CCE00348FAE /* VVCollectProjectUITests.m */ = {isa = PBXFileReference; lastKnownFileType = sourcecode.c.objc; path = VVCollectProjectUITests.m; sourceTree = "<group>"; };
		F3960D9921D27CCE00348FAE /* Info.plist */ = {isa = PBXFileReference; lastKnownFileType = text.plist.xml; path = Info.plist; sourceTree = "<group>"; };
		FBE44D88D8C0BFAEC7D9A1E9 /* Pods-VVCollectProject.release.xcconfig */ = {isa = PBXFileReference; includeInIndex = 1; lastKnownFileType = text.xcconfig; name = "Pods-VVCollectProject.release.xcconfig"; path = "Target Support Files/Pods-VVCollectProject/Pods-VVCollectProject.release.xcconfig"; sourceTree = "<group>"; };
/* End PBXFileReference section */

/* Begin PBXFrameworksBuildPhase section */
		F3960D6D21D27CCB00348FAE /* Frameworks */ = {
			isa = PBXFrameworksBuildPhase;
			buildActionMask = 2147483647;
			files = (
				EFC110B0B81416073819BC15 /* libPods-VVCollectProject.a in Frameworks */,
			);
			runOnlyForDeploymentPostprocessing = 0;
		};
		F3960D8521D27CCE00348FAE /* Frameworks */ = {
			isa = PBXFrameworksBuildPhase;
			buildActionMask = 2147483647;
			files = (
			);
			runOnlyForDeploymentPostprocessing = 0;
		};
		F3960D9021D27CCE00348FAE /* Frameworks */ = {
			isa = PBXFrameworksBuildPhase;
			buildActionMask = 2147483647;
			files = (
			);
			runOnlyForDeploymentPostprocessing = 0;
		};
/* End PBXFrameworksBuildPhase section */

/* Begin PBXGroup section */
		37FC39BC9FC6B61AFF6032A7 /* Pods */ = {
			isa = PBXGroup;
			children = (
				C168B52CD0E387FD1B3F9833 /* Pods-VVCollectProject.debug.xcconfig */,
				FBE44D88D8C0BFAEC7D9A1E9 /* Pods-VVCollectProject.release.xcconfig */,
			);
			path = Pods;
			sourceTree = "<group>";
		};
		78D5EF6F4CB83FA76DF2D3F6 /* Frameworks */ = {
			isa = PBXGroup;
			children = (
				753826E51B094305F06669E0 /* libPods-VVCollectProject.a */,
			);
			name = Frameworks;
			sourceTree = "<group>";
		};
		F3960D6721D27CCB00348FAE = {
			isa = PBXGroup;
			children = (
				F3960D7221D27CCB00348FAE /* VVCollectProject */,
				F3960D8B21D27CCE00348FAE /* VVCollectProjectTests */,
				F3960D9621D27CCE00348FAE /* VVCollectProjectUITests */,
				F3960D7121D27CCB00348FAE /* Products */,
				37FC39BC9FC6B61AFF6032A7 /* Pods */,
				78D5EF6F4CB83FA76DF2D3F6 /* Frameworks */,
			);
			sourceTree = "<group>";
		};
		F3960D7121D27CCB00348FAE /* Products */ = {
			isa = PBXGroup;
			children = (
				F3960D7021D27CCB00348FAE /* VVCollectProject.app */,
				F3960D8821D27CCE00348FAE /* VVCollectProjectTests.xctest */,
				F3960D9321D27CCE00348FAE /* VVCollectProjectUITests.xctest */,
			);
			name = Products;
			sourceTree = "<group>";
		};
		F3960D7221D27CCB00348FAE /* VVCollectProject */ = {
			isa = PBXGroup;
			children = (
				F3960D7321D27CCB00348FAE /* AppDelegate.h */,
				F3960D7421D27CCB00348FAE /* AppDelegate.m */,
				F3960D7621D27CCB00348FAE /* ViewController.h */,
				F3960D7721D27CCB00348FAE /* ViewController.m */,
				A0D4244A21D78ACE0085986A /* CodeSnippetVC.h */,
				A0D4244B21D78ACE0085986A /* CodeSnippetVC.m */,
				F3960D7921D27CCB00348FAE /* Main.storyboard */,
				F3960D7C21D27CCE00348FAE /* Assets.xcassets */,
				F3960D7E21D27CCE00348FAE /* LaunchScreen.storyboard */,
				F3960D8121D27CCE00348FAE /* Info.plist */,
				F3960D8221D27CCE00348FAE /* main.m */,
			);
			path = VVCollectProject;
			sourceTree = "<group>";
		};
		F3960D8B21D27CCE00348FAE /* VVCollectProjectTests */ = {
			isa = PBXGroup;
			children = (
				F3960D8C21D27CCE00348FAE /* VVCollectProjectTests.m */,
				F3960D8E21D27CCE00348FAE /* Info.plist */,
			);
			path = VVCollectProjectTests;
			sourceTree = "<group>";
		};
		F3960D9621D27CCE00348FAE /* VVCollectProjectUITests */ = {
			isa = PBXGroup;
			children = (
				F3960D9721D27CCE00348FAE /* VVCollectProjectUITests.m */,
				F3960D9921D27CCE00348FAE /* Info.plist */,
			);
			path = VVCollectProjectUITests;
			sourceTree = "<group>";
		};
/* End PBXGroup section */

/* Begin PBXNativeTarget section */
		F3960D6F21D27CCB00348FAE /* VVCollectProject */ = {
			isa = PBXNativeTarget;
			buildConfigurationList = F3960D9C21D27CCE00348FAE /* Build configuration list for PBXNativeTarget "VVCollectProject" */;
			buildPhases = (
				FD4C532B979915589DE66C52 /* [CP] Check Pods Manifest.lock */,
				F3960D6C21D27CCB00348FAE /* Sources */,
				F3960D6D21D27CCB00348FAE /* Frameworks */,
				F3960D6E21D27CCB00348FAE /* Resources */,
			);
			buildRules = (
			);
			dependencies = (
			);
			name = VVCollectProject;
			productName = VVCollectProject;
			productReference = F3960D7021D27CCB00348FAE /* VVCollectProject.app */;
			productType = "com.apple.product-type.application";
		};
		F3960D8721D27CCE00348FAE /* VVCollectProjectTests */ = {
			isa = PBXNativeTarget;
			buildConfigurationList = F3960D9F21D27CCE00348FAE /* Build configuration list for PBXNativeTarget "VVCollectProjectTests" */;
			buildPhases = (
				F3960D8421D27CCE00348FAE /* Sources */,
				F3960D8521D27CCE00348FAE /* Frameworks */,
				F3960D8621D27CCE00348FAE /* Resources */,
			);
			buildRules = (
			);
			dependencies = (
				F3960D8A21D27CCE00348FAE /* PBXTargetDependency */,
			);
			name = VVCollectProjectTests;
			productName = VVCollectProjectTests;
			productReference = F3960D8821D27CCE00348FAE /* VVCollectProjectTests.xctest */;
			productType = "com.apple.product-type.bundle.unit-test";
		};
		F3960D9221D27CCE00348FAE /* VVCollectProjectUITests */ = {
			isa = PBXNativeTarget;
			buildConfigurationList = F3960DA221D27CCE00348FAE /* Build configuration list for PBXNativeTarget "VVCollectProjectUITests" */;
			buildPhases = (
				F3960D8F21D27CCE00348FAE /* Sources */,
				F3960D9021D27CCE00348FAE /* Frameworks */,
				F3960D9121D27CCE00348FAE /* Resources */,
			);
			buildRules = (
			);
			dependencies = (
				F3960D9521D27CCE00348FAE /* PBXTargetDependency */,
			);
			name = VVCollectProjectUITests;
			productName = VVCollectProjectUITests;
			productReference = F3960D9321D27CCE00348FAE /* VVCollectProjectUITests.xctest */;
			productType = "com.apple.product-type.bundle.ui-testing";
		};
/* End PBXNativeTarget section */

/* Begin PBXProject section */
		F3960D6821D27CCB00348FAE /* Project object */ = {
			isa = PBXProject;
			attributes = {
				LastUpgradeCheck = 1010;
				ORGANIZATIONNAME = Mike;
				TargetAttributes = {
					F3960D6F21D27CCB00348FAE = {
						CreatedOnToolsVersion = 10.1;
					};
					F3960D8721D27CCE00348FAE = {
						CreatedOnToolsVersion = 10.1;
						TestTargetID = F3960D6F21D27CCB00348FAE;
					};
					F3960D9221D27CCE00348FAE = {
						CreatedOnToolsVersion = 10.1;
						TestTargetID = F3960D6F21D27CCB00348FAE;
					};
				};
			};
			buildConfigurationList = F3960D6B21D27CCB00348FAE /* Build configuration list for PBXProject "VVCollectProject" */;
			compatibilityVersion = "Xcode 9.3";
			developmentRegion = en;
			hasScannedForEncodings = 0;
			knownRegions = (
				en,
				Base,
			);
			mainGroup = F3960D6721D27CCB00348FAE;
			productRefGroup = F3960D7121D27CCB00348FAE /* Products */;
			projectDirPath = "";
			projectRoot = "";
			targets = (
				F3960D6F21D27CCB00348FAE /* VVCollectProject */,
				F3960D8721D27CCE00348FAE /* VVCollectProjectTests */,
				F3960D9221D27CCE00348FAE /* VVCollectProjectUITests */,
			);
		};
/* End PBXProject section */

/* Begin PBXResourcesBuildPhase section */
		F3960D6E21D27CCB00348FAE /* Resources */ = {
			isa = PBXResourcesBuildPhase;
			buildActionMask = 2147483647;
			files = (
				F3960D8021D27CCE00348FAE /* LaunchScreen.storyboard in Resources */,
				F3960D7D21D27CCE00348FAE /* Assets.xcassets in Resources */,
				F3960D7B21D27CCB00348FAE /* Main.storyboard in Resources */,
			);
			runOnlyForDeploymentPostprocessing = 0;
		};
		F3960D8621D27CCE00348FAE /* Resources */ = {
			isa = PBXResourcesBuildPhase;
			buildActionMask = 2147483647;
			files = (
			);
			runOnlyForDeploymentPostprocessing = 0;
		};
		F3960D9121D27CCE00348FAE /* Resources */ = {
			isa = PBXResourcesBuildPhase;
			buildActionMask = 2147483647;
			files = (
			);
			runOnlyForDeploymentPostprocessing = 0;
		};
/* End PBXResourcesBuildPhase section */

/* Begin PBXShellScriptBuildPhase section */
		FD4C532B979915589DE66C52 /* [CP] Check Pods Manifest.lock */ = {
			isa = PBXShellScriptBuildPhase;
			buildActionMask = 2147483647;
			files = (
			);
			inputFileListPaths = (
			);
			inputPaths = (
				"${PODS_PODFILE_DIR_PATH}/Podfile.lock",
				"${PODS_ROOT}/Manifest.lock",
			);
			name = "[CP] Check Pods Manifest.lock";
			outputFileListPaths = (
			);
			outputPaths = (
				"$(DERIVED_FILE_DIR)/Pods-VVCollectProject-checkManifestLockResult.txt",
			);
			runOnlyForDeploymentPostprocessing = 0;
			shellPath = /bin/sh;
			shellScript = "diff \"${PODS_PODFILE_DIR_PATH}/Podfile.lock\" \"${PODS_ROOT}/Manifest.lock\" > /dev/null\nif [ $? != 0 ] ; then\n    # print error to STDERR\n    echo \"error: The sandbox is not in sync with the Podfile.lock. Run 'pod install' or update your CocoaPods installation.\" >&2\n    exit 1\nfi\n# This output is used by Xcode 'outputs' to avoid re-running this script phase.\necho \"SUCCESS\" > \"${SCRIPT_OUTPUT_FILE_0}\"\n";
			showEnvVarsInLog = 0;
		};
/* End PBXShellScriptBuildPhase section */

/* Begin PBXSourcesBuildPhase section */
		F3960D6C21D27CCB00348FAE /* Sources */ = {
			isa = PBXSourcesBuildPhase;
			buildActionMask = 2147483647;
			files = (
				F3960D7821D27CCB00348FAE /* ViewController.m in Sources */,
				A0D4244C21D78ACE0085986A /* CodeSnippetVC.m in Sources */,
				F3960D8321D27CCE00348FAE /* main.m in Sources */,
				F3960D7521D27CCB00348FAE /* AppDelegate.m in Sources */,
			);
			runOnlyForDeploymentPostprocessing = 0;
		};
		F3960D8421D27CCE00348FAE /* Sources */ = {
			isa = PBXSourcesBuildPhase;
			buildActionMask = 2147483647;
			files = (
				F3960D8D21D27CCE00348FAE /* VVCollectProjectTests.m in Sources */,
			);
			runOnlyForDeploymentPostprocessing = 0;
		};
		F3960D8F21D27CCE00348FAE /* Sources */ = {
			isa = PBXSourcesBuildPhase;
			buildActionMask = 2147483647;
			files = (
				F3960D9821D27CCE00348FAE /* VVCollectProjectUITests.m in Sources */,
			);
			runOnlyForDeploymentPostprocessing = 0;
		};
/* End PBXSourcesBuildPhase section */

/* Begin PBXTargetDependency section */
		F3960D8A21D27CCE00348FAE /* PBXTargetDependency */ = {
			isa = PBXTargetDependency;
			target = F3960D6F21D27CCB00348FAE /* VVCollectProject */;
			targetProxy = F3960D8921D27CCE00348FAE /* PBXContainerItemProxy */;
		};
		F3960D9521D27CCE00348FAE /* PBXTargetDependency */ = {
			isa = PBXTargetDependency;
			target = F3960D6F21D27CCB00348FAE /* VVCollectProject */;
			targetProxy = F3960D9421D27CCE00348FAE /* PBXContainerItemProxy */;
		};
/* End PBXTargetDependency section */

/* Begin PBXVariantGroup section */
		F3960D7921D27CCB00348FAE /* Main.storyboard */ = {
			isa = PBXVariantGroup;
			children = (
				F3960D7A21D27CCB00348FAE /* Base */,
			);
			name = Main.storyboard;
			sourceTree = "<group>";
		};
		F3960D7E21D27CCE00348FAE /* LaunchScreen.storyboard */ = {
			isa = PBXVariantGroup;
			children = (
				F3960D7F21D27CCE00348FAE /* Base */,
			);
			name = LaunchScreen.storyboard;
			sourceTree = "<group>";
		};
/* End PBXVariantGroup section */

/* Begin XCBuildConfiguration section */
		F3960D9A21D27CCE00348FAE /* Debug */ = {
			isa = XCBuildConfiguration;
			buildSettings = {
				ALWAYS_SEARCH_USER_PATHS = NO;
				CLANG_ANALYZER_NONNULL = YES;
				CLANG_ANALYZER_NUMBER_OBJECT_CONVERSION = YES_AGGRESSIVE;
				CLANG_CXX_LANGUAGE_STANDARD = "gnu++14";
				CLANG_CXX_LIBRARY = "libc++";
				CLANG_ENABLE_MODULES = YES;
				CLANG_ENABLE_OBJC_ARC = YES;
				CLANG_ENABLE_OBJC_WEAK = YES;
				CLANG_WARN_BLOCK_CAPTURE_AUTORELEASING = YES;
				CLANG_WARN_BOOL_CONVERSION = YES;
				CLANG_WARN_COMMA = YES;
				CLANG_WARN_CONSTANT_CONVERSION = YES;
				CLANG_WARN_DEPRECATED_OBJC_IMPLEMENTATIONS = YES;
				CLANG_WARN_DIRECT_OBJC_ISA_USAGE = YES_ERROR;
				CLANG_WARN_DOCUMENTATION_COMMENTS = YES;
				CLANG_WARN_EMPTY_BODY = YES;
				CLANG_WARN_ENUM_CONVERSION = YES;
				CLANG_WARN_INFINITE_RECURSION = YES;
				CLANG_WARN_INT_CONVERSION = YES;
				CLANG_WARN_NON_LITERAL_NULL_CONVERSION = YES;
				CLANG_WARN_OBJC_IMPLICIT_RETAIN_SELF = YES;
				CLANG_WARN_OBJC_LITERAL_CONVERSION = YES;
				CLANG_WARN_OBJC_ROOT_CLASS = YES_ERROR;
				CLANG_WARN_RANGE_LOOP_ANALYSIS = YES;
				CLANG_WARN_STRICT_PROTOTYPES = YES;
				CLANG_WARN_SUSPICIOUS_MOVE = YES;
				CLANG_WARN_UNGUARDED_AVAILABILITY = YES_AGGRESSIVE;
				CLANG_WARN_UNREACHABLE_CODE = YES;
				CLANG_WARN__DUPLICATE_METHOD_MATCH = YES;
				CODE_SIGN_IDENTITY = "iPhone Developer";
				COPY_PHASE_STRIP = NO;
				DEBUG_INFORMATION_FORMAT = dwarf;
				ENABLE_STRICT_OBJC_MSGSEND = YES;
				ENABLE_TESTABILITY = YES;
				GCC_C_LANGUAGE_STANDARD = gnu11;
				GCC_DYNAMIC_NO_PIC = NO;
				GCC_NO_COMMON_BLOCKS = YES;
				GCC_OPTIMIZATION_LEVEL = 0;
				GCC_PREPROCESSOR_DEFINITIONS = (
					"DEBUG=1",
					"$(inherited)",
				);
				GCC_WARN_64_TO_32_BIT_CONVERSION = YES;
				GCC_WARN_ABOUT_RETURN_TYPE = YES_ERROR;
				GCC_WARN_UNDECLARED_SELECTOR = YES;
				GCC_WARN_UNINITIALIZED_AUTOS = YES_AGGRESSIVE;
				GCC_WARN_UNUSED_FUNCTION = YES;
				GCC_WARN_UNUSED_VARIABLE = YES;
				IPHONEOS_DEPLOYMENT_TARGET = 10.0;
				MTL_ENABLE_DEBUG_INFO = INCLUDE_SOURCE;
				MTL_FAST_MATH = YES;
				ONLY_ACTIVE_ARCH = YES;
				SDKROOT = iphoneos;
			};
			name = Debug;
		};
		F3960D9B21D27CCE00348FAE /* Release */ = {
			isa = XCBuildConfiguration;
			buildSettings = {
				ALWAYS_SEARCH_USER_PATHS = NO;
				CLANG_ANALYZER_NONNULL = YES;
				CLANG_ANALYZER_NUMBER_OBJECT_CONVERSION = YES_AGGRESSIVE;
				CLANG_CXX_LANGUAGE_STANDARD = "gnu++14";
				CLANG_CXX_LIBRARY = "libc++";
				CLANG_ENABLE_MODULES = YES;
				CLANG_ENABLE_OBJC_ARC = YES;
				CLANG_ENABLE_OBJC_WEAK = YES;
				CLANG_WARN_BLOCK_CAPTURE_AUTORELEASING = YES;
				CLANG_WARN_BOOL_CONVERSION = YES;
				CLANG_WARN_COMMA = YES;
				CLANG_WARN_CONSTANT_CONVERSION = YES;
				CLANG_WARN_DEPRECATED_OBJC_IMPLEMENTATIONS = YES;
				CLANG_WARN_DIRECT_OBJC_ISA_USAGE = YES_ERROR;
				CLANG_WARN_DOCUMENTATION_COMMENTS = YES;
				CLANG_WARN_EMPTY_BODY = YES;
				CLANG_WARN_ENUM_CONVERSION = YES;
				CLANG_WARN_INFINITE_RECURSION = YES;
				CLANG_WARN_INT_CONVERSION = YES;
				CLANG_WARN_NON_LITERAL_NULL_CONVERSION = YES;
				CLANG_WARN_OBJC_IMPLICIT_RETAIN_SELF = YES;
				CLANG_WARN_OBJC_LITERAL_CONVERSION = YES;
				CLANG_WARN_OBJC_ROOT_CLASS = YES_ERROR;
				CLANG_WARN_RANGE_LOOP_ANALYSIS = YES;
				CLANG_WARN_STRICT_PROTOTYPES = YES;
				CLANG_WARN_SUSPICIOUS_MOVE = YES;
				CLANG_WARN_UNGUARDED_AVAILABILITY = YES_AGGRESSIVE;
				CLANG_WARN_UNREACHABLE_CODE = YES;
				CLANG_WARN__DUPLICATE_METHOD_MATCH = YES;
				CODE_SIGN_IDENTITY = "iPhone Developer";
				COPY_PHASE_STRIP = NO;
				DEBUG_INFORMATION_FORMAT = "dwarf-with-dsym";
				ENABLE_NS_ASSERTIONS = NO;
				ENABLE_STRICT_OBJC_MSGSEND = YES;
				GCC_C_LANGUAGE_STANDARD = gnu11;
				GCC_NO_COMMON_BLOCKS = YES;
				GCC_WARN_64_TO_32_BIT_CONVERSION = YES;
				GCC_WARN_ABOUT_RETURN_TYPE = YES_ERROR;
				GCC_WARN_UNDECLARED_SELECTOR = YES;
				GCC_WARN_UNINITIALIZED_AUTOS = YES_AGGRESSIVE;
				GCC_WARN_UNUSED_FUNCTION = YES;
				GCC_WARN_UNUSED_VARIABLE = YES;
				IPHONEOS_DEPLOYMENT_TARGET = 10.0;
				MTL_ENABLE_DEBUG_INFO = NO;
				MTL_FAST_MATH = YES;
				SDKROOT = iphoneos;
				VALIDATE_PRODUCT = YES;
			};
			name = Release;
		};
		F3960D9D21D27CCE00348FAE /* Debug */ = {
			isa = XCBuildConfiguration;
			baseConfigurationReference = C168B52CD0E387FD1B3F9833 /* Pods-VVCollectProject.debug.xcconfig */;
			buildSettings = {
				ASSETCATALOG_COMPILER_APPICON_NAME = AppIcon;
				CODE_SIGN_STYLE = Automatic;
				INFOPLIST_FILE = VVCollectProject/Info.plist;
				IPHONEOS_DEPLOYMENT_TARGET = 10.0;
				LD_RUNPATH_SEARCH_PATHS = (
					"$(inherited)",
					"@executable_path/Frameworks",
				);
				PRODUCT_BUNDLE_IDENTIFIER = com.vvc.VVCollectProject;
				PRODUCT_NAME = "$(TARGET_NAME)";
				TARGETED_DEVICE_FAMILY = "1,2";
			};
			name = Debug;
		};
		F3960D9E21D27CCE00348FAE /* Release */ = {
			isa = XCBuildConfiguration;
			baseConfigurationReference = FBE44D88D8C0BFAEC7D9A1E9 /* Pods-VVCollectProject.release.xcconfig */;
			buildSettings = {
				ASSETCATALOG_COMPILER_APPICON_NAME = AppIcon;
				CODE_SIGN_STYLE = Automatic;
				INFOPLIST_FILE = VVCollectProject/Info.plist;
				IPHONEOS_DEPLOYMENT_TARGET = 10.0;
				LD_RUNPATH_SEARCH_PATHS = (
					"$(inherited)",
					"@executable_path/Frameworks",
				);
				PRODUCT_BUNDLE_IDENTIFIER = com.vvc.VVCollectProject;
				PRODUCT_NAME = "$(TARGET_NAME)";
				TARGETED_DEVICE_FAMILY = "1,2";
			};
			name = Release;
		};
		F3960DA021D27CCE00348FAE /* Debug */ = {
			isa = XCBuildConfiguration;
			buildSettings = {
				BUNDLE_LOADER = "$(TEST_HOST)";
				CODE_SIGN_STYLE = Automatic;
				INFOPLIST_FILE = VVCollectProjectTests/Info.plist;
				LD_RUNPATH_SEARCH_PATHS = (
					"$(inherited)",
					"@executable_path/Frameworks",
					"@loader_path/Frameworks",
				);
				PRODUCT_BUNDLE_IDENTIFIER = com.vvc.VVCollectProjectTests;
				PRODUCT_NAME = "$(TARGET_NAME)";
				TARGETED_DEVICE_FAMILY = "1,2";
				TEST_HOST = "$(BUILT_PRODUCTS_DIR)/VVCollectProject.app/VVCollectProject";
			};
			name = Debug;
		};
		F3960DA121D27CCE00348FAE /* Release */ = {
			isa = XCBuildConfiguration;
			buildSettings = {
				BUNDLE_LOADER = "$(TEST_HOST)";
				CODE_SIGN_STYLE = Automatic;
				INFOPLIST_FILE = VVCollectProjectTests/Info.plist;
				LD_RUNPATH_SEARCH_PATHS = (
					"$(inherited)",
					"@executable_path/Frameworks",
					"@loader_path/Frameworks",
				);
				PRODUCT_BUNDLE_IDENTIFIER = com.vvc.VVCollectProjectTests;
				PRODUCT_NAME = "$(TARGET_NAME)";
				TARGETED_DEVICE_FAMILY = "1,2";
				TEST_HOST = "$(BUILT_PRODUCTS_DIR)/VVCollectProject.app/VVCollectProject";
			};
			name = Release;
		};
		F3960DA321D27CCE00348FAE /* Debug */ = {
			isa = XCBuildConfiguration;
			buildSettings = {
				CODE_SIGN_STYLE = Automatic;
				INFOPLIST_FILE = VVCollectProjectUITests/Info.plist;
				LD_RUNPATH_SEARCH_PATHS = (
					"$(inherited)",
					"@executable_path/Frameworks",
					"@loader_path/Frameworks",
				);
				PRODUCT_BUNDLE_IDENTIFIER = com.vvc.VVCollectProjectUITests;
				PRODUCT_NAME = "$(TARGET_NAME)";
				TARGETED_DEVICE_FAMILY = "1,2";
				TEST_TARGET_NAME = VVCollectProject;
			};
			name = Debug;
		};
		F3960DA421D27CCE00348FAE /* Release */ = {
			isa = XCBuildConfiguration;
			buildSettings = {
				CODE_SIGN_STYLE = Automatic;
				INFOPLIST_FILE = VVCollectProjectUITests/Info.plist;
				LD_RUNPATH_SEARCH_PATHS = (
					"$(inherited)",
					"@executable_path/Frameworks",
					"@loader_path/Frameworks",
				);
				PRODUCT_BUNDLE_IDENTIFIER = com.vvc.VVCollectProjectUITests;
				PRODUCT_NAME = "$(TARGET_NAME)";
				TARGETED_DEVICE_FAMILY = "1,2";
				TEST_TARGET_NAME = VVCollectProject;
			};
			name = Release;
		};
/* End XCBuildConfiguration section */

/* Begin XCConfigurationList section */
		F3960D6B21D27CCB00348FAE /* Build configuration list for PBXProject "VVCollectProject" */ = {
			isa = XCConfigurationList;
			buildConfigurations = (
				F3960D9A21D27CCE00348FAE /* Debug */,
				F3960D9B21D27CCE00348FAE /* Release */,
			);
			defaultConfigurationIsVisible = 0;
			defaultConfigurationName = Release;
		};
		F3960D9C21D27CCE00348FAE /* Build configuration list for PBXNativeTarget "VVCollectProject" */ = {
			isa = XCConfigurationList;
			buildConfigurations = (
				F3960D9D21D27CCE00348FAE /* Debug */,
				F3960D9E21D27CCE00348FAE /* Release */,
			);
			defaultConfigurationIsVisible = 0;
			defaultConfigurationName = Release;
		};
		F3960D9F21D27CCE00348FAE /* Build configuration list for PBXNativeTarget "VVCollectProjectTests" */ = {
			isa = XCConfigurationList;
			buildConfigurations = (
				F3960DA021D27CCE00348FAE /* Debug */,
				F3960DA121D27CCE00348FAE /* Release */,
			);
			defaultConfigurationIsVisible = 0;
			defaultConfigurationName = Release;
		};
		F3960DA221D27CCE00348FAE /* Build configuration list for PBXNativeTarget "VVCollectProjectUITests" */ = {
			isa = XCConfigurationList;
			buildConfigurations = (
				F3960DA321D27CCE00348FAE /* Debug */,
				F3960DA421D27CCE00348FAE /* Release */,
			);
			defaultConfigurationIsVisible = 0;
			defaultConfigurationName = Release;
		};
/* End XCConfigurationList section */
	};
	rootObject = F3960D6821D27CCB00348FAE /* Project object */;
}
